// !$*UTF8*$!
{
	archiveVersion = 1;
	classes = {
	};
	objectVersion = 77;
	objects = {

/* Begin PBXBuildFile section */
		0c7e02c4d6224d4b86698d20 /* ChatContextRepositoryImpl.swift in Sources */ = {isa = PBXBuildFile; fileRef = d3ab64ef73ac4fbca561c2f3 /* ChatContextRepositoryImpl.swift */; };
		4f89184b5697445da8d67bb5 /* SignOutUseCase.swift in Sources */ = {isa = PBXBuildFile; fileRef = 896db1fb7f9843dbb43a9831 /* SignOutUseCase.swift */; };
		65fb6a733717417aaec1ec5b /* LoadUserProfileImageUseCase.swift in Sources */ = {isa = PBXBuildFile; fileRef = eef3624df55348a684cdc5fd /* LoadUserProfileImageUseCase.swift */; };
		7a337f8c2fb34958a419528f /* ChatContextRepository.swift in Sources */ = {isa = PBXBuildFile; fileRef = 3523b66a0b6a4beab384ad00 /* ChatContextRepository.swift */; };
		98fe1440434d4c66ad46c0ca /* ImageRepository.swift in Sources */ = {isa = PBXBuildFile; fileRef = c2820ff33be8404985358650 /* ImageRepository.swift */; };
		E1B9A0B22E00000100000000 /* RoleType.swift in Sources */ = {isa = PBXBuildFile; fileRef = E1B9A0B12E00000100000000 /* RoleType.swift */; };
		E6BFBABECC6C47DA818A13E5 /* LoginViewController.swift in Sources */ = {isa = PBXBuildFile; fileRef = A1D564E2F8AC41B39D235947 /* LoginViewController.swift */; };
		F1051DF02E004CFA008D5D80 /* OpenAIModel.swift in Sources */ = {isa = PBXBuildFile; fileRef = F1051DEF2E004CFA008D5D80 /* OpenAIModel.swift */; };
		F1051DF32E004E17008D5D80 /* OpenAIResponse.swift in Sources */ = {isa = PBXBuildFile; fileRef = F1051DF22E004E17008D5D80 /* OpenAIResponse.swift */; };
		F1051DF62E004E72008D5D80 /* OpenAIService.swift in Sources */ = {isa = PBXBuildFile; fileRef = F1051DF52E004E72008D5D80 /* OpenAIService.swift */; };
		F1051DF82E004EBB008D5D80 /* OpenAIEndPoint.swift in Sources */ = {isa = PBXBuildFile; fileRef = F1051DF72E004EBB008D5D80 /* OpenAIEndPoint.swift */; };
		F1051DFA2E004EC9008D5D80 /* OpenAIError.swift in Sources */ = {isa = PBXBuildFile; fileRef = F1051DF92E004EC8008D5D80 /* OpenAIError.swift */; };
		F1051DFC2E0050EE008D5D80 /* OpenAIChatRequest.swift in Sources */ = {isa = PBXBuildFile; fileRef = F1051DFB2E0050EE008D5D80 /* OpenAIChatRequest.swift */; };
		F117E06E2E01525100D1C95F /* OpenAIModelListResponse.swift in Sources */ = {isa = PBXBuildFile; fileRef = F117E06D2E01525100D1C95F /* OpenAIModelListResponse.swift */; };
		F117E0712E01587F00D1C95F /* String+Truncate.swift in Sources */ = {isa = PBXBuildFile; fileRef = F117E0702E01587F00D1C95F /* String+Truncate.swift */; };
		F117E0732E01847E00D1C95F /* FetchAvailableModelsUseCase.swift in Sources */ = {isa = PBXBuildFile; fileRef = F117E0722E01847E00D1C95F /* FetchAvailableModelsUseCase.swift */; };
		F117E0752E0184A900D1C95F /* OpenAIRepository.swift in Sources */ = {isa = PBXBuildFile; fileRef = F117E0742E0184A900D1C95F /* OpenAIRepository.swift */; };
		F117E0772E0184FF00D1C95F /* OpenAIRepositoryImpl.swift in Sources */ = {isa = PBXBuildFile; fileRef = F117E0762E0184FF00D1C95F /* OpenAIRepositoryImpl.swift */; };
		F117E0792E0185D100D1C95F /* SendChatMessageUseCase.swift in Sources */ = {isa = PBXBuildFile; fileRef = F117E0782E0185D100D1C95F /* SendChatMessageUseCase.swift */; };
		F117E07B2E0188F200D1C95F /* ChatViewModel.swift in Sources */ = {isa = PBXBuildFile; fileRef = F117E07A2E0188F200D1C95F /* ChatViewModel.swift */; };
               F117E07E2E018B1000D1C95F /* ChatMessageCell.swift in Sources */ = {isa = PBXBuildFile; fileRef = F117E07D2E018B1000D1C95F /* ChatMessageCell.swift */; };
               0054C5FB7E5540DC8695DB6B /* StreamToggleCell.swift in Sources */ = {isa = PBXBuildFile; fileRef = 06D64F3141B541D0BD80EE52 /* StreamToggleCell.swift */; };
		F122E5D22E0C034B006E81DD /* ConversationMessage.swift in Sources */ = {isa = PBXBuildFile; fileRef = F122E5D12E0C034B006E81DD /* ConversationMessage.swift */; };
		F122E5D42E0C0352006E81DD /* FetchConversationMessagesUseCase.swift in Sources */ = {isa = PBXBuildFile; fileRef = F122E5D32E0C0352006E81DD /* FetchConversationMessagesUseCase.swift */; };
		F122E5D62E0C0F01006E81DD /* String+Sanitize.swift in Sources */ = {isa = PBXBuildFile; fileRef = F122E5D52E0C0F01006E81DD /* String+Sanitize.swift */; };
		F1452D832E095F7D00795A9E /* GoogleService-Info.plist in Resources */ = {isa = PBXBuildFile; fileRef = F1452D822E095F7D00795A9E /* GoogleService-Info.plist */; };
		F1452D852E09741500795A9E /* AuthUser.swift in Sources */ = {isa = PBXBuildFile; fileRef = F1452D842E09741500795A9E /* AuthUser.swift */; };
		F1452D872E09741F00795A9E /* GetCurrentUserUseCase.swift in Sources */ = {isa = PBXBuildFile; fileRef = F1452D862E09741F00795A9E /* GetCurrentUserUseCase.swift */; };
		F1452D892E09796F00795A9E /* UIImage.swift in Sources */ = {isa = PBXBuildFile; fileRef = F1452D882E09796F00795A9E /* UIImage.swift */; };
		F15BC4F62E0A955B00F25923 /* SaveConversationUseCase.swift in Sources */ = {isa = PBXBuildFile; fileRef = F15BC4F52E0A955B00F25923 /* SaveConversationUseCase.swift */; };
		F15BC4F82E0A957300F25923 /* ConversationRepository.swift in Sources */ = {isa = PBXBuildFile; fileRef = F15BC4F72E0A957300F25923 /* ConversationRepository.swift */; };
		F15BC4FA2E0A959200F25923 /* FirestoreConversationRepository.swift in Sources */ = {isa = PBXBuildFile; fileRef = F15BC4F92E0A959200F25923 /* FirestoreConversationRepository.swift */; };
		F15BC5002E0AC1A200F25923 /* ConversationSummary.swift in Sources */ = {isa = PBXBuildFile; fileRef = F15BC4FF2E0AC1A200F25923 /* ConversationSummary.swift */; };
		F15BC5022E0AC1AB00F25923 /* FetchConversationsUseCase.swift in Sources */ = {isa = PBXBuildFile; fileRef = F15BC5012E0AC1AB00F25923 /* FetchConversationsUseCase.swift */; };
		F166CA132DF9A39B00AAB5B0 /* AppDelegate.swift in Sources */ = {isa = PBXBuildFile; fileRef = F166CA0B2DF9A39B00AAB5B0 /* AppDelegate.swift */; };
		F166CA142DF9A39B00AAB5B0 /* SceneDelegate.swift in Sources */ = {isa = PBXBuildFile; fileRef = F166CA102DF9A39B00AAB5B0 /* SceneDelegate.swift */; };
		F166CA162DF9A39B00AAB5B0 /* Assets.xcassets in Resources */ = {isa = PBXBuildFile; fileRef = F166CA0C2DF9A39B00AAB5B0 /* Assets.xcassets */; };
		F166CA182DF9A39B00AAB5B0 /* LaunchScreen.storyboard in Resources */ = {isa = PBXBuildFile; fileRef = F166CA0F2DF9A39B00AAB5B0 /* LaunchScreen.storyboard */; };
		F166CA1B2DF9A3A300AAB5B0 /* chatGPTTests.swift in Sources */ = {isa = PBXBuildFile; fileRef = F166CA192DF9A3A300AAB5B0 /* chatGPTTests.swift */; };
		F166CA1F2DF9A3A500AAB5B0 /* chatGPTUITests.swift in Sources */ = {isa = PBXBuildFile; fileRef = F166CA1C2DF9A3A500AAB5B0 /* chatGPTUITests.swift */; };
		F166CA202DF9A3A500AAB5B0 /* chatGPTUITestsLaunchTests.swift in Sources */ = {isa = PBXBuildFile; fileRef = F166CA1D2DF9A3A500AAB5B0 /* chatGPTUITestsLaunchTests.swift */; };
		F19F74312DFC57E6007AB4C1 /* ChatComposerView.swift in Sources */ = {isa = PBXBuildFile; fileRef = F19F74302DFC57E6007AB4C1 /* ChatComposerView.swift */; };
		F1B7F7602DF9DC68002D12BB /* LinkLabel.swift in Sources */ = {isa = PBXBuildFile; fileRef = F1B7F75F2DF9DC68002D12BB /* LinkLabel.swift */; };
		F1B7F7632DF9E541002D12BB /* KeyboardAdjustable.swift in Sources */ = {isa = PBXBuildFile; fileRef = F1B7F7622DF9E541002D12BB /* KeyboardAdjustable.swift */; };
		F1C897122E044087000A0C3D /* GoogleSignIn in Frameworks */ = {isa = PBXBuildFile; productRef = F1C897112E044087000A0C3D /* GoogleSignIn */; };
		F1DE5A762E094BD6001B0CA8 /* AuthRepository.swift in Sources */ = {isa = PBXBuildFile; fileRef = F1DE5A752E094BD6001B0CA8 /* AuthRepository.swift */; };
		F1DE5A782E094C37001B0CA8 /* FirebaseAuthRepository.swift in Sources */ = {isa = PBXBuildFile; fileRef = F1DE5A772E094C37001B0CA8 /* FirebaseAuthRepository.swift */; };
		F1DF3AF22DF9AD4400D8445A /* Toast in Frameworks */ = {isa = PBXBuildFile; productRef = F1DF3AF12DF9AD4400D8445A /* Toast */; };
		F1DF3AF52DF9AD5200D8445A /* SnapKit in Frameworks */ = {isa = PBXBuildFile; productRef = F1DF3AF42DF9AD5200D8445A /* SnapKit */; };
		F1DF3AF82DF9AD6E00D8445A /* RxCocoa in Frameworks */ = {isa = PBXBuildFile; productRef = F1DF3AF72DF9AD6E00D8445A /* RxCocoa */; };
		F1DF3AFA2DF9AD6E00D8445A /* RxSwift in Frameworks */ = {isa = PBXBuildFile; productRef = F1DF3AF92DF9AD6E00D8445A /* RxSwift */; };
		F1DF3AFD2DF9AD8200D8445A /* Alamofire in Frameworks */ = {isa = PBXBuildFile; productRef = F1DF3AFC2DF9AD8200D8445A /* Alamofire */; };
		F1DF3B002DF9AD9000D8445A /* Kingfisher in Frameworks */ = {isa = PBXBuildFile; productRef = F1DF3AFF2DF9AD9000D8445A /* Kingfisher */; };
		F1DF3B032DF9AF7B00D8445A /* KeychainAPIKeyRepository.swift in Sources */ = {isa = PBXBuildFile; fileRef = F1DF3B022DF9AF7B00D8445A /* KeychainAPIKeyRepository.swift */; };
		F1DF3B0A2DF9B01100D8445A /* ApiKeyRepository.swift in Sources */ = {isa = PBXBuildFile; fileRef = F1DF3B092DF9B01100D8445A /* ApiKeyRepository.swift */; };
		F1DF3B0F2DF9B04500D8445A /* GetAPIKeyUseCase.swift in Sources */ = {isa = PBXBuildFile; fileRef = F1DF3B0E2DF9B04500D8445A /* GetAPIKeyUseCase.swift */; };
		F1DF3B112DF9B06500D8445A /* SaveAPIKeyUseCase.swift in Sources */ = {isa = PBXBuildFile; fileRef = F1DF3B102DF9B06500D8445A /* SaveAPIKeyUseCase.swift */; };
		F1DF3B152DF9B09200D8445A /* AppCoordinator.swift in Sources */ = {isa = PBXBuildFile; fileRef = F1DF3B142DF9B09200D8445A /* AppCoordinator.swift */; };
		F1DF3B182DF9B0E100D8445A /* APIKeyInputViewController.swift in Sources */ = {isa = PBXBuildFile; fileRef = F1DF3B172DF9B0E100D8445A /* APIKeyInputViewController.swift */; };
		F1DF3B1A2DF9B0FC00D8445A /* MainViewController.swift in Sources */ = {isa = PBXBuildFile; fileRef = F1DF3B192DF9B0FC00D8445A /* MainViewController.swift */; };
		F1DF3B1D2DF9B42700D8445A /* ThemeColor.swift in Sources */ = {isa = PBXBuildFile; fileRef = F1DF3B1C2DF9B42700D8445A /* ThemeColor.swift */; };
		F1DF3B252DF9B5CD00D8445A /* BorderedTextField.swift in Sources */ = {isa = PBXBuildFile; fileRef = F1DF3B242DF9B5CD00D8445A /* BorderedTextField.swift */; };
		F1DF3B272DF9B61400D8445A /* BorderedTextView.swift in Sources */ = {isa = PBXBuildFile; fileRef = F1DF3B262DF9B61400D8445A /* BorderedTextView.swift */; };
		F1E571412E043CD100438A53 /* FirebaseAuth in Frameworks */ = {isa = PBXBuildFile; productRef = F1E571402E043CD100438A53 /* FirebaseAuth */; };
		F1E571432E043CD100438A53 /* FirebaseCore in Frameworks */ = {isa = PBXBuildFile; productRef = F1E571422E043CD100438A53 /* FirebaseCore */; };
		F1E571452E043CD100438A53 /* FirebaseFirestore in Frameworks */ = {isa = PBXBuildFile; productRef = F1E571442E043CD100438A53 /* FirebaseFirestore */; };
		F1E571472E043CD100438A53 /* FirebaseStorage in Frameworks */ = {isa = PBXBuildFile; productRef = F1E571462E043CD100438A53 /* FirebaseStorage */; };
		F1EF04ED2E044CDE005D2CF9 /* GoogleLoginButton.swift in Sources */ = {isa = PBXBuildFile; fileRef = F1EF04EC2E044CDE005D2CF9 /* GoogleLoginButton.swift */; };
		F1EF04EF2E044EC5005D2CF9 /* UIColor+hex.swift in Sources */ = {isa = PBXBuildFile; fileRef = F1EF04EE2E044EC5005D2CF9 /* UIColor+hex.swift */; };
		FC3E2F78E32E01AD12EAC399 /* AppendMessageUseCase.swift in Sources */ = {isa = PBXBuildFile; fileRef = 79766A3D81B253405488FCA1 /* AppendMessageUseCase.swift */; };
		a0d99ba381b44d72b54327f6 /* MenuViewController.swift in Sources */ = {isa = PBXBuildFile; fileRef = e9d37b25c97b401d97ce1732 /* MenuViewController.swift */; };
		aa711a251b034678b1e8a5c7 /* KingfisherImageRepository.swift in Sources */ = {isa = PBXBuildFile; fileRef = 7d4726864e6840b090b6e407 /* KingfisherImageRepository.swift */; };
		c076797f219e4afdb2928170 /* SummarizeMessagesUseCase.swift in Sources */ = {isa = PBXBuildFile; fileRef = ee987c883dab481cb2765061 /* SummarizeMessagesUseCase.swift */; };
		ccfa5907f1434e87b23a8d58 /* SendChatWithContextUseCase.swift in Sources */ = {isa = PBXBuildFile; fileRef = f495b15056fc494682c60df5 /* SendChatWithContextUseCase.swift */; };
		d4ae3188874b4ea4a0abdef2 /* ObserveAuthStateUseCase.swift in Sources */ = {isa = PBXBuildFile; fileRef = 9b8f82223d524f878b330338 /* ObserveAuthStateUseCase.swift */; };
		edab8d1cb29b4a0d8fc109d2 /* ObserveConversationsUseCase.swift in Sources */ = {isa = PBXBuildFile; fileRef = 3e924cb7e10d40a1a28fc225 /* ObserveConversationsUseCase.swift */; };
/* End PBXBuildFile section */

/* Begin PBXContainerItemProxy section */
		F16563DF2DF9A310001CDF3B /* PBXContainerItemProxy */ = {
			isa = PBXContainerItemProxy;
			containerPortal = F16563C02DF9A30F001CDF3B /* Project object */;
			proxyType = 1;
			remoteGlobalIDString = F16563C72DF9A30F001CDF3B;
			remoteInfo = chatGPT;
		};
		F16563E92DF9A310001CDF3B /* PBXContainerItemProxy */ = {
			isa = PBXContainerItemProxy;
			containerPortal = F16563C02DF9A30F001CDF3B /* Project object */;
			proxyType = 1;
			remoteGlobalIDString = F16563C72DF9A30F001CDF3B;
			remoteInfo = chatGPT;
		};
/* End PBXContainerItemProxy section */

/* Begin PBXFileReference section */
		3523b66a0b6a4beab384ad00 /* ChatContextRepository.swift */ = {isa = PBXFileReference; lastKnownFileType = sourcecode.swift; path = ChatContextRepository.swift; sourceTree = "<group>"; };
		3e924cb7e10d40a1a28fc225 /* ObserveConversationsUseCase.swift */ = {isa = PBXFileReference; lastKnownFileType = sourcecode.swift; path = ObserveConversationsUseCase.swift; sourceTree = "<group>"; };
		79766A3D81B253405488FCA1 /* AppendMessageUseCase.swift */ = {isa = PBXFileReference; lastKnownFileType = sourcecode.swift; path = AppendMessageUseCase.swift; sourceTree = "<group>"; };
		7d4726864e6840b090b6e407 /* KingfisherImageRepository.swift */ = {isa = PBXFileReference; lastKnownFileType = sourcecode.swift; path = KingfisherImageRepository.swift; sourceTree = "<group>"; };
		896db1fb7f9843dbb43a9831 /* SignOutUseCase.swift */ = {isa = PBXFileReference; lastKnownFileType = sourcecode.swift; path = SignOutUseCase.swift; sourceTree = "<group>"; };
		9b8f82223d524f878b330338 /* ObserveAuthStateUseCase.swift */ = {isa = PBXFileReference; lastKnownFileType = sourcecode.swift; path = ObserveAuthStateUseCase.swift; sourceTree = "<group>"; };
		A1D564E2F8AC41B39D235947 /* LoginViewController.swift */ = {isa = PBXFileReference; lastKnownFileType = sourcecode.swift; path = LoginViewController.swift; sourceTree = "<group>"; };
		E1B9A0B12E00000100000000 /* RoleType.swift */ = {isa = PBXFileReference; lastKnownFileType = sourcecode.swift; path = RoleType.swift; sourceTree = "<group>"; };
		F1051DEF2E004CFA008D5D80 /* OpenAIModel.swift */ = {isa = PBXFileReference; lastKnownFileType = sourcecode.swift; path = OpenAIModel.swift; sourceTree = "<group>"; };
		F1051DF22E004E17008D5D80 /* OpenAIResponse.swift */ = {isa = PBXFileReference; lastKnownFileType = sourcecode.swift; path = OpenAIResponse.swift; sourceTree = "<group>"; };
		F1051DF52E004E72008D5D80 /* OpenAIService.swift */ = {isa = PBXFileReference; lastKnownFileType = sourcecode.swift; path = OpenAIService.swift; sourceTree = "<group>"; };
		F1051DF72E004EBB008D5D80 /* OpenAIEndPoint.swift */ = {isa = PBXFileReference; lastKnownFileType = sourcecode.swift; path = OpenAIEndPoint.swift; sourceTree = "<group>"; };
		F1051DF92E004EC8008D5D80 /* OpenAIError.swift */ = {isa = PBXFileReference; lastKnownFileType = sourcecode.swift; path = OpenAIError.swift; sourceTree = "<group>"; };
		F1051DFB2E0050EE008D5D80 /* OpenAIChatRequest.swift */ = {isa = PBXFileReference; lastKnownFileType = sourcecode.swift; path = OpenAIChatRequest.swift; sourceTree = "<group>"; };
		F117E06D2E01525100D1C95F /* OpenAIModelListResponse.swift */ = {isa = PBXFileReference; lastKnownFileType = sourcecode.swift; path = OpenAIModelListResponse.swift; sourceTree = "<group>"; };
		F117E0702E01587F00D1C95F /* String+Truncate.swift */ = {isa = PBXFileReference; lastKnownFileType = sourcecode.swift; path = "String+Truncate.swift"; sourceTree = "<group>"; };
		F117E0722E01847E00D1C95F /* FetchAvailableModelsUseCase.swift */ = {isa = PBXFileReference; lastKnownFileType = sourcecode.swift; path = FetchAvailableModelsUseCase.swift; sourceTree = "<group>"; };
		F117E0742E0184A900D1C95F /* OpenAIRepository.swift */ = {isa = PBXFileReference; lastKnownFileType = sourcecode.swift; path = OpenAIRepository.swift; sourceTree = "<group>"; };
		F117E0762E0184FF00D1C95F /* OpenAIRepositoryImpl.swift */ = {isa = PBXFileReference; lastKnownFileType = sourcecode.swift; path = OpenAIRepositoryImpl.swift; sourceTree = "<group>"; };
		F117E0782E0185D100D1C95F /* SendChatMessageUseCase.swift */ = {isa = PBXFileReference; lastKnownFileType = sourcecode.swift; path = SendChatMessageUseCase.swift; sourceTree = "<group>"; };
		F117E07A2E0188F200D1C95F /* ChatViewModel.swift */ = {isa = PBXFileReference; lastKnownFileType = sourcecode.swift; path = ChatViewModel.swift; sourceTree = "<group>"; };
               F117E07D2E018B1000D1C95F /* ChatMessageCell.swift */ = {isa = PBXFileReference; lastKnownFileType = sourcecode.swift; path = ChatMessageCell.swift; sourceTree = "<group>"; };
               06D64F3141B541D0BD80EE52 /* StreamToggleCell.swift */ = {isa = PBXFileReference; lastKnownFileType = sourcecode.swift; path = StreamToggleCell.swift; sourceTree = "<group>"; };
		F122E5D12E0C034B006E81DD /* ConversationMessage.swift */ = {isa = PBXFileReference; lastKnownFileType = sourcecode.swift; path = ConversationMessage.swift; sourceTree = "<group>"; };
		F122E5D32E0C0352006E81DD /* FetchConversationMessagesUseCase.swift */ = {isa = PBXFileReference; lastKnownFileType = sourcecode.swift; path = FetchConversationMessagesUseCase.swift; sourceTree = "<group>"; };
		F122E5D52E0C0F01006E81DD /* String+Sanitize.swift */ = {isa = PBXFileReference; lastKnownFileType = sourcecode.swift; path = "String+Sanitize.swift"; sourceTree = "<group>"; };
		F1452D822E095F7D00795A9E /* GoogleService-Info.plist */ = {isa = PBXFileReference; lastKnownFileType = text.plist.xml; path = "GoogleService-Info.plist"; sourceTree = "<group>"; };
		F1452D842E09741500795A9E /* AuthUser.swift */ = {isa = PBXFileReference; lastKnownFileType = sourcecode.swift; path = AuthUser.swift; sourceTree = "<group>"; };
		F1452D862E09741F00795A9E /* GetCurrentUserUseCase.swift */ = {isa = PBXFileReference; lastKnownFileType = sourcecode.swift; path = GetCurrentUserUseCase.swift; sourceTree = "<group>"; };
		F1452D882E09796F00795A9E /* UIImage.swift */ = {isa = PBXFileReference; lastKnownFileType = sourcecode.swift; path = UIImage.swift; sourceTree = "<group>"; };
		F15BC4F52E0A955B00F25923 /* SaveConversationUseCase.swift */ = {isa = PBXFileReference; lastKnownFileType = sourcecode.swift; path = SaveConversationUseCase.swift; sourceTree = "<group>"; };
		F15BC4F72E0A957300F25923 /* ConversationRepository.swift */ = {isa = PBXFileReference; lastKnownFileType = sourcecode.swift; path = ConversationRepository.swift; sourceTree = "<group>"; };
		F15BC4F92E0A959200F25923 /* FirestoreConversationRepository.swift */ = {isa = PBXFileReference; lastKnownFileType = sourcecode.swift; path = FirestoreConversationRepository.swift; sourceTree = "<group>"; };
		F15BC4FF2E0AC1A200F25923 /* ConversationSummary.swift */ = {isa = PBXFileReference; lastKnownFileType = sourcecode.swift; path = ConversationSummary.swift; sourceTree = "<group>"; };
		F15BC5012E0AC1AB00F25923 /* FetchConversationsUseCase.swift */ = {isa = PBXFileReference; lastKnownFileType = sourcecode.swift; path = FetchConversationsUseCase.swift; sourceTree = "<group>"; };
		F16563C82DF9A30F001CDF3B /* chatGPT.app */ = {isa = PBXFileReference; explicitFileType = wrapper.application; includeInIndex = 0; path = chatGPT.app; sourceTree = BUILT_PRODUCTS_DIR; };
		F16563DE2DF9A310001CDF3B /* chatGPTTests.xctest */ = {isa = PBXFileReference; explicitFileType = wrapper.cfbundle; includeInIndex = 0; path = chatGPTTests.xctest; sourceTree = BUILT_PRODUCTS_DIR; };
		F16563E82DF9A310001CDF3B /* chatGPTUITests.xctest */ = {isa = PBXFileReference; explicitFileType = wrapper.cfbundle; includeInIndex = 0; path = chatGPTUITests.xctest; sourceTree = BUILT_PRODUCTS_DIR; };
		F166CA0B2DF9A39B00AAB5B0 /* AppDelegate.swift */ = {isa = PBXFileReference; lastKnownFileType = sourcecode.swift; path = AppDelegate.swift; sourceTree = "<group>"; };
		F166CA0C2DF9A39B00AAB5B0 /* Assets.xcassets */ = {isa = PBXFileReference; lastKnownFileType = folder.assetcatalog; path = Assets.xcassets; sourceTree = "<group>"; };
		F166CA0D2DF9A39B00AAB5B0 /* Info.plist */ = {isa = PBXFileReference; lastKnownFileType = text.plist.xml; path = Info.plist; sourceTree = "<group>"; };
		F166CA0E2DF9A39B00AAB5B0 /* Base */ = {isa = PBXFileReference; lastKnownFileType = file.storyboard; name = Base; path = Base.lproj/LaunchScreen.storyboard; sourceTree = "<group>"; };
		F166CA102DF9A39B00AAB5B0 /* SceneDelegate.swift */ = {isa = PBXFileReference; lastKnownFileType = sourcecode.swift; path = SceneDelegate.swift; sourceTree = "<group>"; };
		F166CA192DF9A3A300AAB5B0 /* chatGPTTests.swift */ = {isa = PBXFileReference; lastKnownFileType = sourcecode.swift; path = chatGPTTests.swift; sourceTree = "<group>"; };
		F166CA1C2DF9A3A500AAB5B0 /* chatGPTUITests.swift */ = {isa = PBXFileReference; lastKnownFileType = sourcecode.swift; path = chatGPTUITests.swift; sourceTree = "<group>"; };
		F166CA1D2DF9A3A500AAB5B0 /* chatGPTUITestsLaunchTests.swift */ = {isa = PBXFileReference; lastKnownFileType = sourcecode.swift; path = chatGPTUITestsLaunchTests.swift; sourceTree = "<group>"; };
		F19F74302DFC57E6007AB4C1 /* ChatComposerView.swift */ = {isa = PBXFileReference; lastKnownFileType = sourcecode.swift; path = ChatComposerView.swift; sourceTree = "<group>"; };
		F1B7F75F2DF9DC68002D12BB /* LinkLabel.swift */ = {isa = PBXFileReference; lastKnownFileType = sourcecode.swift; path = LinkLabel.swift; sourceTree = "<group>"; };
		F1B7F7622DF9E541002D12BB /* KeyboardAdjustable.swift */ = {isa = PBXFileReference; lastKnownFileType = sourcecode.swift; path = KeyboardAdjustable.swift; sourceTree = "<group>"; };
		F1DE5A752E094BD6001B0CA8 /* AuthRepository.swift */ = {isa = PBXFileReference; lastKnownFileType = sourcecode.swift; path = AuthRepository.swift; sourceTree = "<group>"; };
		F1DE5A772E094C37001B0CA8 /* FirebaseAuthRepository.swift */ = {isa = PBXFileReference; lastKnownFileType = sourcecode.swift; path = FirebaseAuthRepository.swift; sourceTree = "<group>"; };
		F1DF3B022DF9AF7B00D8445A /* KeychainAPIKeyRepository.swift */ = {isa = PBXFileReference; lastKnownFileType = sourcecode.swift; path = KeychainAPIKeyRepository.swift; sourceTree = "<group>"; };
		F1DF3B092DF9B01100D8445A /* ApiKeyRepository.swift */ = {isa = PBXFileReference; lastKnownFileType = sourcecode.swift; path = ApiKeyRepository.swift; sourceTree = "<group>"; };
		F1DF3B0E2DF9B04500D8445A /* GetAPIKeyUseCase.swift */ = {isa = PBXFileReference; lastKnownFileType = sourcecode.swift; path = GetAPIKeyUseCase.swift; sourceTree = "<group>"; };
		F1DF3B102DF9B06500D8445A /* SaveAPIKeyUseCase.swift */ = {isa = PBXFileReference; lastKnownFileType = sourcecode.swift; path = SaveAPIKeyUseCase.swift; sourceTree = "<group>"; };
		F1DF3B142DF9B09200D8445A /* AppCoordinator.swift */ = {isa = PBXFileReference; lastKnownFileType = sourcecode.swift; path = AppCoordinator.swift; sourceTree = "<group>"; };
		F1DF3B172DF9B0E100D8445A /* APIKeyInputViewController.swift */ = {isa = PBXFileReference; lastKnownFileType = sourcecode.swift; path = APIKeyInputViewController.swift; sourceTree = "<group>"; };
		F1DF3B192DF9B0FC00D8445A /* MainViewController.swift */ = {isa = PBXFileReference; lastKnownFileType = sourcecode.swift; path = MainViewController.swift; sourceTree = "<group>"; };
		F1DF3B1C2DF9B42700D8445A /* ThemeColor.swift */ = {isa = PBXFileReference; lastKnownFileType = sourcecode.swift; path = ThemeColor.swift; sourceTree = "<group>"; };
		F1DF3B242DF9B5CD00D8445A /* BorderedTextField.swift */ = {isa = PBXFileReference; lastKnownFileType = sourcecode.swift; path = BorderedTextField.swift; sourceTree = "<group>"; };
		F1DF3B262DF9B61400D8445A /* BorderedTextView.swift */ = {isa = PBXFileReference; lastKnownFileType = sourcecode.swift; path = BorderedTextView.swift; sourceTree = "<group>"; };
		F1EF04EC2E044CDE005D2CF9 /* GoogleLoginButton.swift */ = {isa = PBXFileReference; lastKnownFileType = sourcecode.swift; path = GoogleLoginButton.swift; sourceTree = "<group>"; };
		F1EF04EE2E044EC5005D2CF9 /* UIColor+hex.swift */ = {isa = PBXFileReference; lastKnownFileType = sourcecode.swift; path = "UIColor+hex.swift"; sourceTree = "<group>"; };
		c2820ff33be8404985358650 /* ImageRepository.swift */ = {isa = PBXFileReference; lastKnownFileType = sourcecode.swift; path = ImageRepository.swift; sourceTree = "<group>"; };
		d3ab64ef73ac4fbca561c2f3 /* ChatContextRepositoryImpl.swift */ = {isa = PBXFileReference; lastKnownFileType = sourcecode.swift; path = ChatContextRepositoryImpl.swift; sourceTree = "<group>"; };
		e9d37b25c97b401d97ce1732 /* MenuViewController.swift */ = {isa = PBXFileReference; lastKnownFileType = sourcecode.swift; path = MenuViewController.swift; sourceTree = "<group>"; };
		ee987c883dab481cb2765061 /* SummarizeMessagesUseCase.swift */ = {isa = PBXFileReference; lastKnownFileType = sourcecode.swift; path = SummarizeMessagesUseCase.swift; sourceTree = "<group>"; };
		eef3624df55348a684cdc5fd /* LoadUserProfileImageUseCase.swift */ = {isa = PBXFileReference; lastKnownFileType = sourcecode.swift; path = LoadUserProfileImageUseCase.swift; sourceTree = "<group>"; };
		f495b15056fc494682c60df5 /* SendChatWithContextUseCase.swift */ = {isa = PBXFileReference; lastKnownFileType = sourcecode.swift; path = SendChatWithContextUseCase.swift; sourceTree = "<group>"; };
/* End PBXFileReference section */

/* Begin PBXFrameworksBuildPhase section */
		F16563C52DF9A30F001CDF3B /* Frameworks */ = {
			isa = PBXFrameworksBuildPhase;
			buildActionMask = 2147483647;
			files = (
				F1DF3B002DF9AD9000D8445A /* Kingfisher in Frameworks */,
				F1DF3AFD2DF9AD8200D8445A /* Alamofire in Frameworks */,
				F1C897122E044087000A0C3D /* GoogleSignIn in Frameworks */,
				F1DF3AF82DF9AD6E00D8445A /* RxCocoa in Frameworks */,
				F1E571472E043CD100438A53 /* FirebaseStorage in Frameworks */,
				F1DF3AF22DF9AD4400D8445A /* Toast in Frameworks */,
				F1DF3AFA2DF9AD6E00D8445A /* RxSwift in Frameworks */,
				F1E571452E043CD100438A53 /* FirebaseFirestore in Frameworks */,
				F1E571412E043CD100438A53 /* FirebaseAuth in Frameworks */,
				F1E571432E043CD100438A53 /* FirebaseCore in Frameworks */,
				F1DF3AF52DF9AD5200D8445A /* SnapKit in Frameworks */,
			);
			runOnlyForDeploymentPostprocessing = 0;
		};
		F16563DB2DF9A310001CDF3B /* Frameworks */ = {
			isa = PBXFrameworksBuildPhase;
			buildActionMask = 2147483647;
			files = (
			);
			runOnlyForDeploymentPostprocessing = 0;
		};
		F16563E52DF9A310001CDF3B /* Frameworks */ = {
			isa = PBXFrameworksBuildPhase;
			buildActionMask = 2147483647;
			files = (
			);
			runOnlyForDeploymentPostprocessing = 0;
		};
/* End PBXFrameworksBuildPhase section */

/* Begin PBXGroup section */
		E1B9A0B02E00000100000000 /* Enum */ = {
			isa = PBXGroup;
			children = (
				F1051DF92E004EC8008D5D80 /* OpenAIError.swift */,
				E1B9A0B12E00000100000000 /* RoleType.swift */,
			);
			path = Enum;
			sourceTree = "<group>";
		};
		F1051DF12E004DFE008D5D80 /* Entity */ = {
			isa = PBXGroup;
			children = (
				F122E5D12E0C034B006E81DD /* ConversationMessage.swift */,
				F15BC4FF2E0AC1A200F25923 /* ConversationSummary.swift */,
				F1452D842E09741500795A9E /* AuthUser.swift */,
				F1051DF22E004E17008D5D80 /* OpenAIResponse.swift */,
				F1051DFB2E0050EE008D5D80 /* OpenAIChatRequest.swift */,
				F117E06D2E01525100D1C95F /* OpenAIModelListResponse.swift */,
				F1051DEF2E004CFA008D5D80 /* OpenAIModel.swift */,
			);
			path = Entity;
			sourceTree = "<group>";
		};
		F117E06F2E01586400D1C95F /* Helpers */ = {
			isa = PBXGroup;
			children = (
				F122E5D52E0C0F01006E81DD /* String+Sanitize.swift */,
				F117E0702E01587F00D1C95F /* String+Truncate.swift */,
				F1EF04EE2E044EC5005D2CF9 /* UIColor+hex.swift */,
				F1452D882E09796F00795A9E /* UIImage.swift */,
			);
			path = Helpers;
			sourceTree = "<group>";
		};
		F117E07C2E018AF400D1C95F /* Cells */ = {
			isa = PBXGroup;
			children = (
                               F117E07D2E018B1000D1C95F /* ChatMessageCell.swift */,
                               06D64F3141B541D0BD80EE52 /* StreamToggleCell.swift */,
                       );
                       path = Cells;
                       sourceTree = "<group>";
		};
		F16563BF2DF9A30F001CDF3B = {
			isa = PBXGroup;
			children = (
				F166CA122DF9A39B00AAB5B0 /* chatGPT */,
				F166CA1A2DF9A3A300AAB5B0 /* chatGPTTests */,
				F166CA1E2DF9A3A500AAB5B0 /* chatGPTUITests */,
				F16563C92DF9A30F001CDF3B /* Products */,
			);
			sourceTree = "<group>";
		};
		F16563C92DF9A30F001CDF3B /* Products */ = {
			isa = PBXGroup;
			children = (
				F16563C82DF9A30F001CDF3B /* chatGPT.app */,
				F16563DE2DF9A310001CDF3B /* chatGPTTests.xctest */,
				F16563E82DF9A310001CDF3B /* chatGPTUITests.xctest */,
			);
			name = Products;
			sourceTree = "<group>";
		};
		F166CA122DF9A39B00AAB5B0 /* chatGPT */ = {
			isa = PBXGroup;
			children = (
				F1DF3B1B2DF9B40F00D8445A /* Resource */,
				F1B7F7612DF9E525002D12BB /* Protocol */,
				F1DF3B232DF9B5B800D8445A /* Components */,
				F1DF3B202DF9B47E00D8445A /* Service */,
				F1DF3B012DF9AF5700D8445A /* Data */,
				F1DF3B042DF9AF9900D8445A /* Domain */,
				F1DF3B122DF9B07800D8445A /* Presentation */,
				F166CA0B2DF9A39B00AAB5B0 /* AppDelegate.swift */,
				F166CA102DF9A39B00AAB5B0 /* SceneDelegate.swift */,
				F166CA0D2DF9A39B00AAB5B0 /* Info.plist */,
				F1452D822E095F7D00795A9E /* GoogleService-Info.plist */,
			);
			path = chatGPT;
			sourceTree = "<group>";
		};
		F166CA1A2DF9A3A300AAB5B0 /* chatGPTTests */ = {
			isa = PBXGroup;
			children = (
				F166CA192DF9A3A300AAB5B0 /* chatGPTTests.swift */,
			);
			path = chatGPTTests;
			sourceTree = "<group>";
		};
		F166CA1E2DF9A3A500AAB5B0 /* chatGPTUITests */ = {
			isa = PBXGroup;
			children = (
				F166CA1C2DF9A3A500AAB5B0 /* chatGPTUITests.swift */,
				F166CA1D2DF9A3A500AAB5B0 /* chatGPTUITestsLaunchTests.swift */,
			);
			path = chatGPTUITests;
			sourceTree = "<group>";
		};
		F1B7F7612DF9E525002D12BB /* Protocol */ = {
			isa = PBXGroup;
			children = (
				F1B7F7622DF9E541002D12BB /* KeyboardAdjustable.swift */,
			);
			path = Protocol;
			sourceTree = "<group>";
		};
		F1DF3B012DF9AF5700D8445A /* Data */ = {
			isa = PBXGroup;
			children = (
				F15BC4F92E0A959200F25923 /* FirestoreConversationRepository.swift */,
				F1DE5A772E094C37001B0CA8 /* FirebaseAuthRepository.swift */,
				F1DF3B022DF9AF7B00D8445A /* KeychainAPIKeyRepository.swift */,
				F117E0742E0184A900D1C95F /* OpenAIRepository.swift */,
				F117E0762E0184FF00D1C95F /* OpenAIRepositoryImpl.swift */,
				d3ab64ef73ac4fbca561c2f3 /* ChatContextRepositoryImpl.swift */,
				7d4726864e6840b090b6e407 /* KingfisherImageRepository.swift */,
			);
			path = Data;
			sourceTree = "<group>";
		};
		F1DF3B042DF9AF9900D8445A /* Domain */ = {
			isa = PBXGroup;
			children = (
				F1051DF12E004DFE008D5D80 /* Entity */,
				E1B9A0B02E00000100000000 /* Enum */,
				F1DF3B082DF9AFE900D8445A /* Repository */,
				F1DF3B0D2DF9B02C00D8445A /* UseCase */,
			);
			path = Domain;
			sourceTree = "<group>";
		};
		F1DF3B082DF9AFE900D8445A /* Repository */ = {
			isa = PBXGroup;
			children = (
				F15BC4F72E0A957300F25923 /* ConversationRepository.swift */,
				F1DE5A752E094BD6001B0CA8 /* AuthRepository.swift */,
				F1DF3B092DF9B01100D8445A /* ApiKeyRepository.swift */,
				3523b66a0b6a4beab384ad00 /* ChatContextRepository.swift */,
				c2820ff33be8404985358650 /* ImageRepository.swift */,
			);
			path = Repository;
			sourceTree = "<group>";
		};
		F1DF3B0D2DF9B02C00D8445A /* UseCase */ = {
			isa = PBXGroup;
			children = (
				F122E5D32E0C0352006E81DD /* FetchConversationMessagesUseCase.swift */,
				F15BC5012E0AC1AB00F25923 /* FetchConversationsUseCase.swift */,
				F15BC4F52E0A955B00F25923 /* SaveConversationUseCase.swift */,
				F1452D862E09741F00795A9E /* GetCurrentUserUseCase.swift */,
				F1DF3B0E2DF9B04500D8445A /* GetAPIKeyUseCase.swift */,
				F1DF3B102DF9B06500D8445A /* SaveAPIKeyUseCase.swift */,
				F117E0722E01847E00D1C95F /* FetchAvailableModelsUseCase.swift */,
				F117E0782E0185D100D1C95F /* SendChatMessageUseCase.swift */,
				ee987c883dab481cb2765061 /* SummarizeMessagesUseCase.swift */,
				f495b15056fc494682c60df5 /* SendChatWithContextUseCase.swift */,
				896db1fb7f9843dbb43a9831 /* SignOutUseCase.swift */,
				eef3624df55348a684cdc5fd /* LoadUserProfileImageUseCase.swift */,
				9b8f82223d524f878b330338 /* ObserveAuthStateUseCase.swift */,
				79766A3D81B253405488FCA1 /* AppendMessageUseCase.swift */,
				3e924cb7e10d40a1a28fc225 /* ObserveConversationsUseCase.swift */,
			);
			path = UseCase;
			sourceTree = "<group>";
		};
		F1DF3B122DF9B07800D8445A /* Presentation */ = {
			isa = PBXGroup;
			children = (
				F117E06F2E01586400D1C95F /* Helpers */,
				F1DF3B132DF9B08300D8445A /* Coordinator */,
				F1DF3B162DF9B0C400D8445A /* Scene */,
			);
			path = Presentation;
			sourceTree = "<group>";
		};
		F1DF3B132DF9B08300D8445A /* Coordinator */ = {
			isa = PBXGroup;
			children = (
				F1DF3B142DF9B09200D8445A /* AppCoordinator.swift */,
			);
			path = Coordinator;
			sourceTree = "<group>";
		};
		F1DF3B162DF9B0C400D8445A /* Scene */ = {
			isa = PBXGroup;
			children = (
				F1DF3B172DF9B0E100D8445A /* APIKeyInputViewController.swift */,
				F1DF3B192DF9B0FC00D8445A /* MainViewController.swift */,
				A1D564E2F8AC41B39D235947 /* LoginViewController.swift */,
				e9d37b25c97b401d97ce1732 /* MenuViewController.swift */,
				F117E07A2E0188F200D1C95F /* ChatViewModel.swift */,
				F117E07C2E018AF400D1C95F /* Cells */,
			);
			path = Scene;
			sourceTree = "<group>";
		};
		F1DF3B1B2DF9B40F00D8445A /* Resource */ = {
			isa = PBXGroup;
			children = (
				F166CA0C2DF9A39B00AAB5B0 /* Assets.xcassets */,
				F166CA0F2DF9A39B00AAB5B0 /* LaunchScreen.storyboard */,
				F1DF3B1C2DF9B42700D8445A /* ThemeColor.swift */,
			);
			path = Resource;
			sourceTree = "<group>";
		};
		F1DF3B202DF9B47E00D8445A /* Service */ = {
			isa = PBXGroup;
			children = (
				F1051DF52E004E72008D5D80 /* OpenAIService.swift */,
				F1051DF72E004EBB008D5D80 /* OpenAIEndPoint.swift */,
			);
			path = Service;
			sourceTree = "<group>";
		};
		F1DF3B232DF9B5B800D8445A /* Components */ = {
			isa = PBXGroup;
			children = (
				F1DF3B242DF9B5CD00D8445A /* BorderedTextField.swift */,
				F1DF3B262DF9B61400D8445A /* BorderedTextView.swift */,
				F1B7F75F2DF9DC68002D12BB /* LinkLabel.swift */,
				F19F74302DFC57E6007AB4C1 /* ChatComposerView.swift */,
				F1EF04EC2E044CDE005D2CF9 /* GoogleLoginButton.swift */,
			);
			path = Components;
			sourceTree = "<group>";
		};
/* End PBXGroup section */

/* Begin PBXNativeTarget section */
		F16563C72DF9A30F001CDF3B /* chatGPT */ = {
			isa = PBXNativeTarget;
			buildConfigurationList = F16563F12DF9A310001CDF3B /* Build configuration list for PBXNativeTarget "chatGPT" */;
			buildPhases = (
				F16563C42DF9A30F001CDF3B /* Sources */,
				F16563C52DF9A30F001CDF3B /* Frameworks */,
				F16563C62DF9A30F001CDF3B /* Resources */,
			);
			buildRules = (
			);
			dependencies = (
			);
			name = chatGPT;
			packageProductDependencies = (
				F1DF3AF12DF9AD4400D8445A /* Toast */,
				F1DF3AF42DF9AD5200D8445A /* SnapKit */,
				F1DF3AF72DF9AD6E00D8445A /* RxCocoa */,
				F1DF3AF92DF9AD6E00D8445A /* RxSwift */,
				F1DF3AFC2DF9AD8200D8445A /* Alamofire */,
				F1DF3AFF2DF9AD9000D8445A /* Kingfisher */,
				F1E571402E043CD100438A53 /* FirebaseAuth */,
				F1E571422E043CD100438A53 /* FirebaseCore */,
				F1E571442E043CD100438A53 /* FirebaseFirestore */,
				F1E571462E043CD100438A53 /* FirebaseStorage */,
				F1C897112E044087000A0C3D /* GoogleSignIn */,
			);
			productName = chatGPT;
			productReference = F16563C82DF9A30F001CDF3B /* chatGPT.app */;
			productType = "com.apple.product-type.application";
		};
		F16563DD2DF9A310001CDF3B /* chatGPTTests */ = {
			isa = PBXNativeTarget;
			buildConfigurationList = F16563F62DF9A310001CDF3B /* Build configuration list for PBXNativeTarget "chatGPTTests" */;
			buildPhases = (
				F16563DA2DF9A310001CDF3B /* Sources */,
				F16563DB2DF9A310001CDF3B /* Frameworks */,
				F16563DC2DF9A310001CDF3B /* Resources */,
			);
			buildRules = (
			);
			dependencies = (
				F16563E02DF9A310001CDF3B /* PBXTargetDependency */,
			);
			name = chatGPTTests;
			packageProductDependencies = (
			);
			productName = chatGPTTests;
			productReference = F16563DE2DF9A310001CDF3B /* chatGPTTests.xctest */;
			productType = "com.apple.product-type.bundle.unit-test";
		};
		F16563E72DF9A310001CDF3B /* chatGPTUITests */ = {
			isa = PBXNativeTarget;
			buildConfigurationList = F16563F92DF9A310001CDF3B /* Build configuration list for PBXNativeTarget "chatGPTUITests" */;
			buildPhases = (
				F16563E42DF9A310001CDF3B /* Sources */,
				F16563E52DF9A310001CDF3B /* Frameworks */,
				F16563E62DF9A310001CDF3B /* Resources */,
			);
			buildRules = (
			);
			dependencies = (
				F16563EA2DF9A310001CDF3B /* PBXTargetDependency */,
			);
			name = chatGPTUITests;
			packageProductDependencies = (
			);
			productName = chatGPTUITests;
			productReference = F16563E82DF9A310001CDF3B /* chatGPTUITests.xctest */;
			productType = "com.apple.product-type.bundle.ui-testing";
		};
/* End PBXNativeTarget section */

/* Begin PBXProject section */
		F16563C02DF9A30F001CDF3B /* Project object */ = {
			isa = PBXProject;
			attributes = {
				BuildIndependentTargetsInParallel = 1;
				LastSwiftUpdateCheck = 1640;
				LastUpgradeCheck = 1640;
				TargetAttributes = {
					F16563C72DF9A30F001CDF3B = {
						CreatedOnToolsVersion = 16.4;
					};
					F16563DD2DF9A310001CDF3B = {
						CreatedOnToolsVersion = 16.4;
						TestTargetID = F16563C72DF9A30F001CDF3B;
					};
					F16563E72DF9A310001CDF3B = {
						CreatedOnToolsVersion = 16.4;
						TestTargetID = F16563C72DF9A30F001CDF3B;
					};
				};
			};
			buildConfigurationList = F16563C32DF9A30F001CDF3B /* Build configuration list for PBXProject "chatGPT" */;
			developmentRegion = en;
			hasScannedForEncodings = 0;
			knownRegions = (
				en,
				Base,
			);
			mainGroup = F16563BF2DF9A30F001CDF3B;
			minimizedProjectReferenceProxies = 1;
			packageReferences = (
				F1DF3AF02DF9AD4400D8445A /* XCRemoteSwiftPackageReference "Toast-Swift" */,
				F1DF3AF32DF9AD5200D8445A /* XCRemoteSwiftPackageReference "SnapKit" */,
				F1DF3AF62DF9AD6E00D8445A /* XCRemoteSwiftPackageReference "RxSwift" */,
				F1DF3AFB2DF9AD8200D8445A /* XCRemoteSwiftPackageReference "Alamofire" */,
				F1DF3AFE2DF9AD9000D8445A /* XCRemoteSwiftPackageReference "Kingfisher" */,
				F1E5713F2E043CD100438A53 /* XCRemoteSwiftPackageReference "firebase-ios-sdk" */,
				F1C897102E044087000A0C3D /* XCRemoteSwiftPackageReference "GoogleSignIn-iOS" */,
			);
			preferredProjectObjectVersion = 77;
			productRefGroup = F16563C92DF9A30F001CDF3B /* Products */;
			projectDirPath = "";
			projectRoot = "";
			targets = (
				F16563C72DF9A30F001CDF3B /* chatGPT */,
				F16563DD2DF9A310001CDF3B /* chatGPTTests */,
				F16563E72DF9A310001CDF3B /* chatGPTUITests */,
			);
		};
/* End PBXProject section */

/* Begin PBXResourcesBuildPhase section */
		F16563C62DF9A30F001CDF3B /* Resources */ = {
			isa = PBXResourcesBuildPhase;
			buildActionMask = 2147483647;
			files = (
				F166CA162DF9A39B00AAB5B0 /* Assets.xcassets in Resources */,
				F166CA182DF9A39B00AAB5B0 /* LaunchScreen.storyboard in Resources */,
				F1452D832E095F7D00795A9E /* GoogleService-Info.plist in Resources */,
			);
			runOnlyForDeploymentPostprocessing = 0;
		};
		F16563DC2DF9A310001CDF3B /* Resources */ = {
			isa = PBXResourcesBuildPhase;
			buildActionMask = 2147483647;
			files = (
			);
			runOnlyForDeploymentPostprocessing = 0;
		};
		F16563E62DF9A310001CDF3B /* Resources */ = {
			isa = PBXResourcesBuildPhase;
			buildActionMask = 2147483647;
			files = (
			);
			runOnlyForDeploymentPostprocessing = 0;
		};
/* End PBXResourcesBuildPhase section */

/* Begin PBXSourcesBuildPhase section */
		F16563C42DF9A30F001CDF3B /* Sources */ = {
			isa = PBXSourcesBuildPhase;
			buildActionMask = 2147483647;
			files = (
				F15BC4FA2E0A959200F25923 /* FirestoreConversationRepository.swift in Sources */,
				F1EF04ED2E044CDE005D2CF9 /* GoogleLoginButton.swift in Sources */,
				F1452D892E09796F00795A9E /* UIImage.swift in Sources */,
				F1DE5A782E094C37001B0CA8 /* FirebaseAuthRepository.swift in Sources */,
				F117E0712E01587F00D1C95F /* String+Truncate.swift in Sources */,
				F15BC5002E0AC1A200F25923 /* ConversationSummary.swift in Sources */,
				F1051DFA2E004EC9008D5D80 /* OpenAIError.swift in Sources */,
				E1B9A0B22E00000100000000 /* RoleType.swift in Sources */,
				F1051DFC2E0050EE008D5D80 /* OpenAIChatRequest.swift in Sources */,
				F117E06E2E01525100D1C95F /* OpenAIModelListResponse.swift in Sources */,
				F117E0772E0184FF00D1C95F /* OpenAIRepositoryImpl.swift in Sources */,
				F1EF04EF2E044EC5005D2CF9 /* UIColor+hex.swift in Sources */,
				F1DF3B272DF9B61400D8445A /* BorderedTextView.swift in Sources */,
				F122E5D62E0C0F01006E81DD /* String+Sanitize.swift in Sources */,
				F1452D852E09741500795A9E /* AuthUser.swift in Sources */,
				F1DF3B1A2DF9B0FC00D8445A /* MainViewController.swift in Sources */,
				E6BFBABECC6C47DA818A13E5 /* LoginViewController.swift in Sources */,
				F15BC4F62E0A955B00F25923 /* SaveConversationUseCase.swift in Sources */,
				FC3E2F78E32E01AD12EAC399 /* AppendMessageUseCase.swift in Sources */,
				F117E0732E01847E00D1C95F /* FetchAvailableModelsUseCase.swift in Sources */,
				F117E07B2E0188F200D1C95F /* ChatViewModel.swift in Sources */,
				F1DF3B252DF9B5CD00D8445A /* BorderedTextField.swift in Sources */,
				F1051DF02E004CFA008D5D80 /* OpenAIModel.swift in Sources */,
				F1051DF62E004E72008D5D80 /* OpenAIService.swift in Sources */,
				F19F74312DFC57E6007AB4C1 /* ChatComposerView.swift in Sources */,
				F1051DF32E004E17008D5D80 /* OpenAIResponse.swift in Sources */,
				F1B7F7602DF9DC68002D12BB /* LinkLabel.swift in Sources */,
				F1DF3B032DF9AF7B00D8445A /* KeychainAPIKeyRepository.swift in Sources */,
				F1DF3B0A2DF9B01100D8445A /* ApiKeyRepository.swift in Sources */,
				F1DF3B0F2DF9B04500D8445A /* GetAPIKeyUseCase.swift in Sources */,
				F1B7F7632DF9E541002D12BB /* KeyboardAdjustable.swift in Sources */,
				F117E0792E0185D100D1C95F /* SendChatMessageUseCase.swift in Sources */,
				F15BC4F82E0A957300F25923 /* ConversationRepository.swift in Sources */,
                               F117E07E2E018B1000D1C95F /* ChatMessageCell.swift in Sources */,
                               0054C5FB7E5540DC8695DB6B /* StreamToggleCell.swift in Sources */,
                               7a337f8c2fb34958a419528f /* ChatContextRepository.swift in Sources */,
				0c7e02c4d6224d4b86698d20 /* ChatContextRepositoryImpl.swift in Sources */,
				c076797f219e4afdb2928170 /* SummarizeMessagesUseCase.swift in Sources */,
				F122E5D22E0C034B006E81DD /* ConversationMessage.swift in Sources */,
				ccfa5907f1434e87b23a8d58 /* SendChatWithContextUseCase.swift in Sources */,
				98fe1440434d4c66ad46c0ca /* ImageRepository.swift in Sources */,
				aa711a251b034678b1e8a5c7 /* KingfisherImageRepository.swift in Sources */,
				65fb6a733717417aaec1ec5b /* LoadUserProfileImageUseCase.swift in Sources */,
				d4ae3188874b4ea4a0abdef2 /* ObserveAuthStateUseCase.swift in Sources */,
				edab8d1cb29b4a0d8fc109d2 /* ObserveConversationsUseCase.swift in Sources */,
				F166CA132DF9A39B00AAB5B0 /* AppDelegate.swift in Sources */,
				F117E0752E0184A900D1C95F /* OpenAIRepository.swift in Sources */,
				F1DF3B1D2DF9B42700D8445A /* ThemeColor.swift in Sources */,
				F1DF3B112DF9B06500D8445A /* SaveAPIKeyUseCase.swift in Sources */,
				F1DE5A762E094BD6001B0CA8 /* AuthRepository.swift in Sources */,
				F1452D872E09741F00795A9E /* GetCurrentUserUseCase.swift in Sources */,
				F15BC5022E0AC1AB00F25923 /* FetchConversationsUseCase.swift in Sources */,
				F1051DF82E004EBB008D5D80 /* OpenAIEndPoint.swift in Sources */,
				4f89184b5697445da8d67bb5 /* SignOutUseCase.swift in Sources */,
				F1DF3B152DF9B09200D8445A /* AppCoordinator.swift in Sources */,
				F166CA142DF9A39B00AAB5B0 /* SceneDelegate.swift in Sources */,
				a0d99ba381b44d72b54327f6 /* MenuViewController.swift in Sources */,
				F1DF3B182DF9B0E100D8445A /* APIKeyInputViewController.swift in Sources */,
				F122E5D42E0C0352006E81DD /* FetchConversationMessagesUseCase.swift in Sources */,
			);
			runOnlyForDeploymentPostprocessing = 0;
		};
		F16563DA2DF9A310001CDF3B /* Sources */ = {
			isa = PBXSourcesBuildPhase;
			buildActionMask = 2147483647;
			files = (
				F166CA1B2DF9A3A300AAB5B0 /* chatGPTTests.swift in Sources */,
			);
			runOnlyForDeploymentPostprocessing = 0;
		};
		F16563E42DF9A310001CDF3B /* Sources */ = {
			isa = PBXSourcesBuildPhase;
			buildActionMask = 2147483647;
			files = (
				F166CA1F2DF9A3A500AAB5B0 /* chatGPTUITests.swift in Sources */,
				F166CA202DF9A3A500AAB5B0 /* chatGPTUITestsLaunchTests.swift in Sources */,
			);
			runOnlyForDeploymentPostprocessing = 0;
		};
/* End PBXSourcesBuildPhase section */

/* Begin PBXTargetDependency section */
		F16563E02DF9A310001CDF3B /* PBXTargetDependency */ = {
			isa = PBXTargetDependency;
			target = F16563C72DF9A30F001CDF3B /* chatGPT */;
			targetProxy = F16563DF2DF9A310001CDF3B /* PBXContainerItemProxy */;
		};
		F16563EA2DF9A310001CDF3B /* PBXTargetDependency */ = {
			isa = PBXTargetDependency;
			target = F16563C72DF9A30F001CDF3B /* chatGPT */;
			targetProxy = F16563E92DF9A310001CDF3B /* PBXContainerItemProxy */;
		};
/* End PBXTargetDependency section */

/* Begin PBXVariantGroup section */
		F166CA0F2DF9A39B00AAB5B0 /* LaunchScreen.storyboard */ = {
			isa = PBXVariantGroup;
			children = (
				F166CA0E2DF9A39B00AAB5B0 /* Base */,
			);
			name = LaunchScreen.storyboard;
			sourceTree = "<group>";
		};
/* End PBXVariantGroup section */

/* Begin XCBuildConfiguration section */
		F16563F22DF9A310001CDF3B /* Debug */ = {
			isa = XCBuildConfiguration;
			buildSettings = {
				ASSETCATALOG_COMPILER_APPICON_NAME = AppIcon;
				ASSETCATALOG_COMPILER_GLOBAL_ACCENT_COLOR_NAME = AccentColor;
				CODE_SIGN_STYLE = Automatic;
				CURRENT_PROJECT_VERSION = 1;
				GENERATE_INFOPLIST_FILE = YES;
				INFOPLIST_FILE = chatGPT/Info.plist;
				INFOPLIST_KEY_UIApplicationSupportsIndirectInputEvents = YES;
				INFOPLIST_KEY_UILaunchStoryboardName = LaunchScreen;
				INFOPLIST_KEY_UISupportedInterfaceOrientations_iPad = "UIInterfaceOrientationPortrait UIInterfaceOrientationPortraitUpsideDown UIInterfaceOrientationLandscapeLeft UIInterfaceOrientationLandscapeRight";
				INFOPLIST_KEY_UISupportedInterfaceOrientations_iPhone = "UIInterfaceOrientationPortrait UIInterfaceOrientationLandscapeLeft UIInterfaceOrientationLandscapeRight";
				LD_RUNPATH_SEARCH_PATHS = (
					"$(inherited)",
					"@executable_path/Frameworks",
				);
				MARKETING_VERSION = 1.0;
				PRODUCT_BUNDLE_IDENTIFIER = com.jeongyeon.chatGPT;
				PRODUCT_NAME = "$(TARGET_NAME)";
				SWIFT_EMIT_LOC_STRINGS = YES;
				SWIFT_VERSION = 5.0;
				TARGETED_DEVICE_FAMILY = "1,2";
			};
			name = Debug;
		};
		F16563F32DF9A310001CDF3B /* Release */ = {
			isa = XCBuildConfiguration;
			buildSettings = {
				ASSETCATALOG_COMPILER_APPICON_NAME = AppIcon;
				ASSETCATALOG_COMPILER_GLOBAL_ACCENT_COLOR_NAME = AccentColor;
				CODE_SIGN_STYLE = Automatic;
				CURRENT_PROJECT_VERSION = 1;
				GENERATE_INFOPLIST_FILE = YES;
				INFOPLIST_FILE = chatGPT/Info.plist;
				INFOPLIST_KEY_UIApplicationSupportsIndirectInputEvents = YES;
				INFOPLIST_KEY_UILaunchStoryboardName = LaunchScreen;
				INFOPLIST_KEY_UISupportedInterfaceOrientations_iPad = "UIInterfaceOrientationPortrait UIInterfaceOrientationPortraitUpsideDown UIInterfaceOrientationLandscapeLeft UIInterfaceOrientationLandscapeRight";
				INFOPLIST_KEY_UISupportedInterfaceOrientations_iPhone = "UIInterfaceOrientationPortrait UIInterfaceOrientationLandscapeLeft UIInterfaceOrientationLandscapeRight";
				LD_RUNPATH_SEARCH_PATHS = (
					"$(inherited)",
					"@executable_path/Frameworks",
				);
				MARKETING_VERSION = 1.0;
				PRODUCT_BUNDLE_IDENTIFIER = com.jeongyeon.chatGPT;
				PRODUCT_NAME = "$(TARGET_NAME)";
				SWIFT_EMIT_LOC_STRINGS = YES;
				SWIFT_VERSION = 5.0;
				TARGETED_DEVICE_FAMILY = "1,2";
			};
			name = Release;
		};
		F16563F42DF9A310001CDF3B /* Debug */ = {
			isa = XCBuildConfiguration;
			buildSettings = {
				ALWAYS_SEARCH_USER_PATHS = NO;
				ASSETCATALOG_COMPILER_GENERATE_SWIFT_ASSET_SYMBOL_EXTENSIONS = YES;
				CLANG_ANALYZER_NONNULL = YES;
				CLANG_ANALYZER_NUMBER_OBJECT_CONVERSION = YES_AGGRESSIVE;
				CLANG_CXX_LANGUAGE_STANDARD = "gnu++20";
				CLANG_ENABLE_MODULES = YES;
				CLANG_ENABLE_OBJC_ARC = YES;
				CLANG_ENABLE_OBJC_WEAK = YES;
				CLANG_WARN_BLOCK_CAPTURE_AUTORELEASING = YES;
				CLANG_WARN_BOOL_CONVERSION = YES;
				CLANG_WARN_COMMA = YES;
				CLANG_WARN_CONSTANT_CONVERSION = YES;
				CLANG_WARN_DEPRECATED_OBJC_IMPLEMENTATIONS = YES;
				CLANG_WARN_DIRECT_OBJC_ISA_USAGE = YES_ERROR;
				CLANG_WARN_DOCUMENTATION_COMMENTS = YES;
				CLANG_WARN_EMPTY_BODY = YES;
				CLANG_WARN_ENUM_CONVERSION = YES;
				CLANG_WARN_INFINITE_RECURSION = YES;
				CLANG_WARN_INT_CONVERSION = YES;
				CLANG_WARN_NON_LITERAL_NULL_CONVERSION = YES;
				CLANG_WARN_OBJC_IMPLICIT_RETAIN_SELF = YES;
				CLANG_WARN_OBJC_LITERAL_CONVERSION = YES;
				CLANG_WARN_OBJC_ROOT_CLASS = YES_ERROR;
				CLANG_WARN_QUOTED_INCLUDE_IN_FRAMEWORK_HEADER = YES;
				CLANG_WARN_RANGE_LOOP_ANALYSIS = YES;
				CLANG_WARN_STRICT_PROTOTYPES = YES;
				CLANG_WARN_SUSPICIOUS_MOVE = YES;
				CLANG_WARN_UNGUARDED_AVAILABILITY = YES_AGGRESSIVE;
				CLANG_WARN_UNREACHABLE_CODE = YES;
				CLANG_WARN__DUPLICATE_METHOD_MATCH = YES;
				COPY_PHASE_STRIP = NO;
				DEBUG_INFORMATION_FORMAT = dwarf;
				ENABLE_STRICT_OBJC_MSGSEND = YES;
				ENABLE_TESTABILITY = YES;
				ENABLE_USER_SCRIPT_SANDBOXING = YES;
				GCC_C_LANGUAGE_STANDARD = gnu17;
				GCC_DYNAMIC_NO_PIC = NO;
				GCC_NO_COMMON_BLOCKS = YES;
				GCC_OPTIMIZATION_LEVEL = 0;
				GCC_PREPROCESSOR_DEFINITIONS = (
					"DEBUG=1",
					"$(inherited)",
				);
				GCC_WARN_64_TO_32_BIT_CONVERSION = YES;
				GCC_WARN_ABOUT_RETURN_TYPE = YES_ERROR;
				GCC_WARN_UNDECLARED_SELECTOR = YES;
				GCC_WARN_UNINITIALIZED_AUTOS = YES_AGGRESSIVE;
				GCC_WARN_UNUSED_FUNCTION = YES;
				GCC_WARN_UNUSED_VARIABLE = YES;
				IPHONEOS_DEPLOYMENT_TARGET = 18.5;
				LOCALIZATION_PREFERS_STRING_CATALOGS = YES;
				MTL_ENABLE_DEBUG_INFO = INCLUDE_SOURCE;
				MTL_FAST_MATH = YES;
				ONLY_ACTIVE_ARCH = YES;
				SDKROOT = iphoneos;
				SWIFT_ACTIVE_COMPILATION_CONDITIONS = "DEBUG $(inherited)";
				SWIFT_OPTIMIZATION_LEVEL = "-Onone";
			};
			name = Debug;
		};
		F16563F52DF9A310001CDF3B /* Release */ = {
			isa = XCBuildConfiguration;
			buildSettings = {
				ALWAYS_SEARCH_USER_PATHS = NO;
				ASSETCATALOG_COMPILER_GENERATE_SWIFT_ASSET_SYMBOL_EXTENSIONS = YES;
				CLANG_ANALYZER_NONNULL = YES;
				CLANG_ANALYZER_NUMBER_OBJECT_CONVERSION = YES_AGGRESSIVE;
				CLANG_CXX_LANGUAGE_STANDARD = "gnu++20";
				CLANG_ENABLE_MODULES = YES;
				CLANG_ENABLE_OBJC_ARC = YES;
				CLANG_ENABLE_OBJC_WEAK = YES;
				CLANG_WARN_BLOCK_CAPTURE_AUTORELEASING = YES;
				CLANG_WARN_BOOL_CONVERSION = YES;
				CLANG_WARN_COMMA = YES;
				CLANG_WARN_CONSTANT_CONVERSION = YES;
				CLANG_WARN_DEPRECATED_OBJC_IMPLEMENTATIONS = YES;
				CLANG_WARN_DIRECT_OBJC_ISA_USAGE = YES_ERROR;
				CLANG_WARN_DOCUMENTATION_COMMENTS = YES;
				CLANG_WARN_EMPTY_BODY = YES;
				CLANG_WARN_ENUM_CONVERSION = YES;
				CLANG_WARN_INFINITE_RECURSION = YES;
				CLANG_WARN_INT_CONVERSION = YES;
				CLANG_WARN_NON_LITERAL_NULL_CONVERSION = YES;
				CLANG_WARN_OBJC_IMPLICIT_RETAIN_SELF = YES;
				CLANG_WARN_OBJC_LITERAL_CONVERSION = YES;
				CLANG_WARN_OBJC_ROOT_CLASS = YES_ERROR;
				CLANG_WARN_QUOTED_INCLUDE_IN_FRAMEWORK_HEADER = YES;
				CLANG_WARN_RANGE_LOOP_ANALYSIS = YES;
				CLANG_WARN_STRICT_PROTOTYPES = YES;
				CLANG_WARN_SUSPICIOUS_MOVE = YES;
				CLANG_WARN_UNGUARDED_AVAILABILITY = YES_AGGRESSIVE;
				CLANG_WARN_UNREACHABLE_CODE = YES;
				CLANG_WARN__DUPLICATE_METHOD_MATCH = YES;
				COPY_PHASE_STRIP = NO;
				DEBUG_INFORMATION_FORMAT = "dwarf-with-dsym";
				ENABLE_NS_ASSERTIONS = NO;
				ENABLE_STRICT_OBJC_MSGSEND = YES;
				ENABLE_USER_SCRIPT_SANDBOXING = YES;
				GCC_C_LANGUAGE_STANDARD = gnu17;
				GCC_NO_COMMON_BLOCKS = YES;
				GCC_WARN_64_TO_32_BIT_CONVERSION = YES;
				GCC_WARN_ABOUT_RETURN_TYPE = YES_ERROR;
				GCC_WARN_UNDECLARED_SELECTOR = YES;
				GCC_WARN_UNINITIALIZED_AUTOS = YES_AGGRESSIVE;
				GCC_WARN_UNUSED_FUNCTION = YES;
				GCC_WARN_UNUSED_VARIABLE = YES;
				IPHONEOS_DEPLOYMENT_TARGET = 18.5;
				LOCALIZATION_PREFERS_STRING_CATALOGS = YES;
				MTL_ENABLE_DEBUG_INFO = NO;
				MTL_FAST_MATH = YES;
				SDKROOT = iphoneos;
				SWIFT_COMPILATION_MODE = wholemodule;
				VALIDATE_PRODUCT = YES;
			};
			name = Release;
		};
		F16563F72DF9A310001CDF3B /* Debug */ = {
			isa = XCBuildConfiguration;
			buildSettings = {
				BUNDLE_LOADER = "$(TEST_HOST)";
				CODE_SIGN_STYLE = Automatic;
				CURRENT_PROJECT_VERSION = 1;
				GENERATE_INFOPLIST_FILE = YES;
				IPHONEOS_DEPLOYMENT_TARGET = 18.5;
				MARKETING_VERSION = 1.0;
				PRODUCT_BUNDLE_IDENTIFIER = com.jeongyeon.chatGPTTests;
				PRODUCT_NAME = "$(TARGET_NAME)";
				SWIFT_EMIT_LOC_STRINGS = NO;
				SWIFT_VERSION = 5.0;
				TARGETED_DEVICE_FAMILY = "1,2";
				TEST_HOST = "$(BUILT_PRODUCTS_DIR)/chatGPT.app/$(BUNDLE_EXECUTABLE_FOLDER_PATH)/chatGPT";
			};
			name = Debug;
		};
		F16563F82DF9A310001CDF3B /* Release */ = {
			isa = XCBuildConfiguration;
			buildSettings = {
				BUNDLE_LOADER = "$(TEST_HOST)";
				CODE_SIGN_STYLE = Automatic;
				CURRENT_PROJECT_VERSION = 1;
				GENERATE_INFOPLIST_FILE = YES;
				IPHONEOS_DEPLOYMENT_TARGET = 18.5;
				MARKETING_VERSION = 1.0;
				PRODUCT_BUNDLE_IDENTIFIER = com.jeongyeon.chatGPTTests;
				PRODUCT_NAME = "$(TARGET_NAME)";
				SWIFT_EMIT_LOC_STRINGS = NO;
				SWIFT_VERSION = 5.0;
				TARGETED_DEVICE_FAMILY = "1,2";
				TEST_HOST = "$(BUILT_PRODUCTS_DIR)/chatGPT.app/$(BUNDLE_EXECUTABLE_FOLDER_PATH)/chatGPT";
			};
			name = Release;
		};
		F16563FA2DF9A310001CDF3B /* Debug */ = {
			isa = XCBuildConfiguration;
			buildSettings = {
				CODE_SIGN_STYLE = Automatic;
				CURRENT_PROJECT_VERSION = 1;
				GENERATE_INFOPLIST_FILE = YES;
				MARKETING_VERSION = 1.0;
				PRODUCT_BUNDLE_IDENTIFIER = com.jeongyeon.chatGPTUITests;
				PRODUCT_NAME = "$(TARGET_NAME)";
				SWIFT_EMIT_LOC_STRINGS = NO;
				SWIFT_VERSION = 5.0;
				TARGETED_DEVICE_FAMILY = "1,2";
				TEST_TARGET_NAME = chatGPT;
			};
			name = Debug;
		};
		F16563FB2DF9A310001CDF3B /* Release */ = {
			isa = XCBuildConfiguration;
			buildSettings = {
				CODE_SIGN_STYLE = Automatic;
				CURRENT_PROJECT_VERSION = 1;
				GENERATE_INFOPLIST_FILE = YES;
				MARKETING_VERSION = 1.0;
				PRODUCT_BUNDLE_IDENTIFIER = com.jeongyeon.chatGPTUITests;
				PRODUCT_NAME = "$(TARGET_NAME)";
				SWIFT_EMIT_LOC_STRINGS = NO;
				SWIFT_VERSION = 5.0;
				TARGETED_DEVICE_FAMILY = "1,2";
				TEST_TARGET_NAME = chatGPT;
			};
			name = Release;
		};
/* End XCBuildConfiguration section */

/* Begin XCConfigurationList section */
		F16563C32DF9A30F001CDF3B /* Build configuration list for PBXProject "chatGPT" */ = {
			isa = XCConfigurationList;
			buildConfigurations = (
				F16563F42DF9A310001CDF3B /* Debug */,
				F16563F52DF9A310001CDF3B /* Release */,
			);
			defaultConfigurationIsVisible = 0;
			defaultConfigurationName = Release;
		};
		F16563F12DF9A310001CDF3B /* Build configuration list for PBXNativeTarget "chatGPT" */ = {
			isa = XCConfigurationList;
			buildConfigurations = (
				F16563F22DF9A310001CDF3B /* Debug */,
				F16563F32DF9A310001CDF3B /* Release */,
			);
			defaultConfigurationIsVisible = 0;
			defaultConfigurationName = Release;
		};
		F16563F62DF9A310001CDF3B /* Build configuration list for PBXNativeTarget "chatGPTTests" */ = {
			isa = XCConfigurationList;
			buildConfigurations = (
				F16563F72DF9A310001CDF3B /* Debug */,
				F16563F82DF9A310001CDF3B /* Release */,
			);
			defaultConfigurationIsVisible = 0;
			defaultConfigurationName = Release;
		};
		F16563F92DF9A310001CDF3B /* Build configuration list for PBXNativeTarget "chatGPTUITests" */ = {
			isa = XCConfigurationList;
			buildConfigurations = (
				F16563FA2DF9A310001CDF3B /* Debug */,
				F16563FB2DF9A310001CDF3B /* Release */,
			);
			defaultConfigurationIsVisible = 0;
			defaultConfigurationName = Release;
		};
/* End XCConfigurationList section */

/* Begin XCRemoteSwiftPackageReference section */
		F1C897102E044087000A0C3D /* XCRemoteSwiftPackageReference "GoogleSignIn-iOS" */ = {
			isa = XCRemoteSwiftPackageReference;
			repositoryURL = "https://github.com/google/GoogleSignIn-iOS";
			requirement = {
				kind = upToNextMajorVersion;
				minimumVersion = 8.0.0;
			};
		};
		F1DF3AF02DF9AD4400D8445A /* XCRemoteSwiftPackageReference "Toast-Swift" */ = {
			isa = XCRemoteSwiftPackageReference;
			repositoryURL = "https://github.com/scalessec/Toast-Swift.git";
			requirement = {
				kind = upToNextMajorVersion;
				minimumVersion = 5.1.1;
			};
		};
		F1DF3AF32DF9AD5200D8445A /* XCRemoteSwiftPackageReference "SnapKit" */ = {
			isa = XCRemoteSwiftPackageReference;
			repositoryURL = "https://github.com/SnapKit/SnapKit";
			requirement = {
				kind = upToNextMajorVersion;
				minimumVersion = 5.7.1;
			};
		};
		F1DF3AF62DF9AD6E00D8445A /* XCRemoteSwiftPackageReference "RxSwift" */ = {
			isa = XCRemoteSwiftPackageReference;
			repositoryURL = "https://github.com/ReactiveX/RxSwift.git";
			requirement = {
				kind = upToNextMajorVersion;
				minimumVersion = 6.9.0;
			};
		};
		F1DF3AFB2DF9AD8200D8445A /* XCRemoteSwiftPackageReference "Alamofire" */ = {
			isa = XCRemoteSwiftPackageReference;
			repositoryURL = "https://github.com/Alamofire/Alamofire.git";
			requirement = {
				kind = upToNextMajorVersion;
				minimumVersion = 5.10.2;
			};
		};
		F1DF3AFE2DF9AD9000D8445A /* XCRemoteSwiftPackageReference "Kingfisher" */ = {
			isa = XCRemoteSwiftPackageReference;
			repositoryURL = "https://github.com/onevcat/Kingfisher.git";
			requirement = {
				kind = upToNextMajorVersion;
				minimumVersion = 8.3.2;
			};
		};
		F1E5713F2E043CD100438A53 /* XCRemoteSwiftPackageReference "firebase-ios-sdk" */ = {
			isa = XCRemoteSwiftPackageReference;
			repositoryURL = "https://github.com/firebase/firebase-ios-sdk";
			requirement = {
				kind = upToNextMajorVersion;
				minimumVersion = 11.14.0;
			};
		};
/* End XCRemoteSwiftPackageReference section */

/* Begin XCSwiftPackageProductDependency section */
		F1C897112E044087000A0C3D /* GoogleSignIn */ = {
			isa = XCSwiftPackageProductDependency;
			package = F1C897102E044087000A0C3D /* XCRemoteSwiftPackageReference "GoogleSignIn-iOS" */;
			productName = GoogleSignIn;
		};
		F1DF3AF12DF9AD4400D8445A /* Toast */ = {
			isa = XCSwiftPackageProductDependency;
			package = F1DF3AF02DF9AD4400D8445A /* XCRemoteSwiftPackageReference "Toast-Swift" */;
			productName = Toast;
		};
		F1DF3AF42DF9AD5200D8445A /* SnapKit */ = {
			isa = XCSwiftPackageProductDependency;
			package = F1DF3AF32DF9AD5200D8445A /* XCRemoteSwiftPackageReference "SnapKit" */;
			productName = SnapKit;
		};
		F1DF3AF72DF9AD6E00D8445A /* RxCocoa */ = {
			isa = XCSwiftPackageProductDependency;
			package = F1DF3AF62DF9AD6E00D8445A /* XCRemoteSwiftPackageReference "RxSwift" */;
			productName = RxCocoa;
		};
		F1DF3AF92DF9AD6E00D8445A /* RxSwift */ = {
			isa = XCSwiftPackageProductDependency;
			package = F1DF3AF62DF9AD6E00D8445A /* XCRemoteSwiftPackageReference "RxSwift" */;
			productName = RxSwift;
		};
		F1DF3AFC2DF9AD8200D8445A /* Alamofire */ = {
			isa = XCSwiftPackageProductDependency;
			package = F1DF3AFB2DF9AD8200D8445A /* XCRemoteSwiftPackageReference "Alamofire" */;
			productName = Alamofire;
		};
		F1DF3AFF2DF9AD9000D8445A /* Kingfisher */ = {
			isa = XCSwiftPackageProductDependency;
			package = F1DF3AFE2DF9AD9000D8445A /* XCRemoteSwiftPackageReference "Kingfisher" */;
			productName = Kingfisher;
		};
		F1E571402E043CD100438A53 /* FirebaseAuth */ = {
			isa = XCSwiftPackageProductDependency;
			package = F1E5713F2E043CD100438A53 /* XCRemoteSwiftPackageReference "firebase-ios-sdk" */;
			productName = FirebaseAuth;
		};
		F1E571422E043CD100438A53 /* FirebaseCore */ = {
			isa = XCSwiftPackageProductDependency;
			package = F1E5713F2E043CD100438A53 /* XCRemoteSwiftPackageReference "firebase-ios-sdk" */;
			productName = FirebaseCore;
		};
		F1E571442E043CD100438A53 /* FirebaseFirestore */ = {
			isa = XCSwiftPackageProductDependency;
			package = F1E5713F2E043CD100438A53 /* XCRemoteSwiftPackageReference "firebase-ios-sdk" */;
			productName = FirebaseFirestore;
		};
		F1E571462E043CD100438A53 /* FirebaseStorage */ = {
			isa = XCSwiftPackageProductDependency;
			package = F1E5713F2E043CD100438A53 /* XCRemoteSwiftPackageReference "firebase-ios-sdk" */;
			productName = FirebaseStorage;
		};
/* End XCSwiftPackageProductDependency section */
	};
	rootObject = F16563C02DF9A30F001CDF3B /* Project object */;
}
