// !$*UTF8*$!
{
	archiveVersion = 1;
	classes = {
	};
	objectVersion = 56;
	objects = {

/* Begin PBXBuildFile section */
		F102D65C2A287FA7000DDC45 /* AppDelegate.swift in Sources */ = {isa = PBXBuildFile; fileRef = F102D65B2A287FA7000DDC45 /* AppDelegate.swift */; };
		F102D65E2A287FA7000DDC45 /* SceneDelegate.swift in Sources */ = {isa = PBXBuildFile; fileRef = F102D65D2A287FA7000DDC45 /* SceneDelegate.swift */; };
		F102D6602A287FA7000DDC45 /* ViewController.swift in Sources */ = {isa = PBXBuildFile; fileRef = F102D65F2A287FA7000DDC45 /* ViewController.swift */; };
		F102D6632A287FA7000DDC45 /* Main.storyboard in Resources */ = {isa = PBXBuildFile; fileRef = F102D6612A287FA7000DDC45 /* Main.storyboard */; };
		F102D6652A287FA8000DDC45 /* Assets.xcassets in Resources */ = {isa = PBXBuildFile; fileRef = F102D6642A287FA8000DDC45 /* Assets.xcassets */; };
		F102D6682A287FA8000DDC45 /* LaunchScreen.storyboard in Resources */ = {isa = PBXBuildFile; fileRef = F102D6662A287FA8000DDC45 /* LaunchScreen.storyboard */; };
		F102D6732A287FA8000DDC45 /* chatGPTTests.swift in Sources */ = {isa = PBXBuildFile; fileRef = F102D6722A287FA8000DDC45 /* chatGPTTests.swift */; };
		F102D67D2A287FA8000DDC45 /* chatGPTUITests.swift in Sources */ = {isa = PBXBuildFile; fileRef = F102D67C2A287FA8000DDC45 /* chatGPTUITests.swift */; };
		F102D67F2A287FA8000DDC45 /* chatGPTUITestsLaunchTests.swift in Sources */ = {isa = PBXBuildFile; fileRef = F102D67E2A287FA8000DDC45 /* chatGPTUITestsLaunchTests.swift */; };
/* End PBXBuildFile section */

/* Begin PBXContainerItemProxy section */
		F102D66F2A287FA8000DDC45 /* PBXContainerItemProxy */ = {
			isa = PBXContainerItemProxy;
			containerPortal = F102D6502A287FA7000DDC45 /* Project object */;
			proxyType = 1;
			remoteGlobalIDString = F102D6572A287FA7000DDC45;
			remoteInfo = chatGPT;
		};
		F102D6792A287FA8000DDC45 /* PBXContainerItemProxy */ = {
			isa = PBXContainerItemProxy;
			containerPortal = F102D6502A287FA7000DDC45 /* Project object */;
			proxyType = 1;
			remoteGlobalIDString = F102D6572A287FA7000DDC45;
			remoteInfo = chatGPT;
		};
/* End PBXContainerItemProxy section */

/* Begin PBXFileReference section */
		F102D6582A287FA7000DDC45 /* chatGPT.app */ = {isa = PBXFileReference; explicitFileType = wrapper.application; includeInIndex = 0; path = chatGPT.app; sourceTree = BUILT_PRODUCTS_DIR; };
		F102D65B2A287FA7000DDC45 /* AppDelegate.swift */ = {isa = PBXFileReference; lastKnownFileType = sourcecode.swift; path = AppDelegate.swift; sourceTree = "<group>"; };
		F102D65D2A287FA7000DDC45 /* SceneDelegate.swift */ = {isa = PBXFileReference; lastKnownFileType = sourcecode.swift; path = SceneDelegate.swift; sourceTree = "<group>"; };
		F102D65F2A287FA7000DDC45 /* ViewController.swift */ = {isa = PBXFileReference; lastKnownFileType = sourcecode.swift; path = ViewController.swift; sourceTree = "<group>"; };
		F102D6622A287FA7000DDC45 /* Base */ = {isa = PBXFileReference; lastKnownFileType = file.storyboard; name = Base; path = Base.lproj/Main.storyboard; sourceTree = "<group>"; };
		F102D6642A287FA8000DDC45 /* Assets.xcassets */ = {isa = PBXFileReference; lastKnownFileType = folder.assetcatalog; path = Assets.xcassets; sourceTree = "<group>"; };
		F102D6672A287FA8000DDC45 /* Base */ = {isa = PBXFileReference; lastKnownFileType = file.storyboard; name = Base; path = Base.lproj/LaunchScreen.storyboard; sourceTree = "<group>"; };
		F102D6692A287FA8000DDC45 /* Info.plist */ = {isa = PBXFileReference; lastKnownFileType = text.plist.xml; path = Info.plist; sourceTree = "<group>"; };
		F102D66E2A287FA8000DDC45 /* chatGPTTests.xctest */ = {isa = PBXFileReference; explicitFileType = wrapper.cfbundle; includeInIndex = 0; path = chatGPTTests.xctest; sourceTree = BUILT_PRODUCTS_DIR; };
		F102D6722A287FA8000DDC45 /* chatGPTTests.swift */ = {isa = PBXFileReference; lastKnownFileType = sourcecode.swift; path = chatGPTTests.swift; sourceTree = "<group>"; };
		F102D6782A287FA8000DDC45 /* chatGPTUITests.xctest */ = {isa = PBXFileReference; explicitFileType = wrapper.cfbundle; includeInIndex = 0; path = chatGPTUITests.xctest; sourceTree = BUILT_PRODUCTS_DIR; };
		F102D67C2A287FA8000DDC45 /* chatGPTUITests.swift */ = {isa = PBXFileReference; lastKnownFileType = sourcecode.swift; path = chatGPTUITests.swift; sourceTree = "<group>"; };
		F102D67E2A287FA8000DDC45 /* chatGPTUITestsLaunchTests.swift */ = {isa = PBXFileReference; lastKnownFileType = sourcecode.swift; path = chatGPTUITestsLaunchTests.swift; sourceTree = "<group>"; };
/* End PBXFileReference section */

/* Begin PBXFrameworksBuildPhase section */
		F102D6552A287FA7000DDC45 /* Frameworks */ = {
			isa = PBXFrameworksBuildPhase;
			buildActionMask = 2147483647;
			files = (
			);
			runOnlyForDeploymentPostprocessing = 0;
		};
		F102D66B2A287FA8000DDC45 /* Frameworks */ = {
			isa = PBXFrameworksBuildPhase;
			buildActionMask = 2147483647;
			files = (
			);
			runOnlyForDeploymentPostprocessing = 0;
		};
		F102D6752A287FA8000DDC45 /* Frameworks */ = {
			isa = PBXFrameworksBuildPhase;
			buildActionMask = 2147483647;
			files = (
			);
			runOnlyForDeploymentPostprocessing = 0;
		};
/* End PBXFrameworksBuildPhase section */

/* Begin PBXGroup section */
		F102D64F2A287FA7000DDC45 = {
			isa = PBXGroup;
			children = (
				F102D65A2A287FA7000DDC45 /* chatGPT */,
				F102D6712A287FA8000DDC45 /* chatGPTTests */,
				F102D67B2A287FA8000DDC45 /* chatGPTUITests */,
				F102D6592A287FA7000DDC45 /* Products */,
			);
			sourceTree = "<group>";
		};
		F102D6592A287FA7000DDC45 /* Products */ = {
			isa = PBXGroup;
			children = (
				F102D6582A287FA7000DDC45 /* chatGPT.app */,
				F102D66E2A287FA8000DDC45 /* chatGPTTests.xctest */,
				F102D6782A287FA8000DDC45 /* chatGPTUITests.xctest */,
			);
			name = Products;
			sourceTree = "<group>";
		};
		F102D65A2A287FA7000DDC45 /* chatGPT */ = {
			isa = PBXGroup;
			children = (
				F102D65B2A287FA7000DDC45 /* AppDelegate.swift */,
				F102D65D2A287FA7000DDC45 /* SceneDelegate.swift */,
				F102D65F2A287FA7000DDC45 /* ViewController.swift */,
				F102D6612A287FA7000DDC45 /* Main.storyboard */,
				F102D6642A287FA8000DDC45 /* Assets.xcassets */,
				F102D6662A287FA8000DDC45 /* LaunchScreen.storyboard */,
				F102D6692A287FA8000DDC45 /* Info.plist */,
			);
			path = chatGPT;
			sourceTree = "<group>";
		};
		F102D6712A287FA8000DDC45 /* chatGPTTests */ = {
			isa = PBXGroup;
			children = (
				F102D6722A287FA8000DDC45 /* chatGPTTests.swift */,
			);
			path = chatGPTTests;
			sourceTree = "<group>";
		};
		F102D67B2A287FA8000DDC45 /* chatGPTUITests */ = {
			isa = PBXGroup;
			children = (
				F102D67C2A287FA8000DDC45 /* chatGPTUITests.swift */,
				F102D67E2A287FA8000DDC45 /* chatGPTUITestsLaunchTests.swift */,
			);
			path = chatGPTUITests;
			sourceTree = "<group>";
		};
/* End PBXGroup section */

/* Begin PBXNativeTarget section */
		F102D6572A287FA7000DDC45 /* chatGPT */ = {
			isa = PBXNativeTarget;
			buildConfigurationList = F102D6822A287FA8000DDC45 /* Build configuration list for PBXNativeTarget "chatGPT" */;
			buildPhases = (
				F102D6542A287FA7000DDC45 /* Sources */,
				F102D6552A287FA7000DDC45 /* Frameworks */,
				F102D6562A287FA7000DDC45 /* Resources */,
			);
			buildRules = (
			);
			dependencies = (
			);
			name = chatGPT;
			productName = chatGPT;
			productReference = F102D6582A287FA7000DDC45 /* chatGPT.app */;
			productType = "com.apple.product-type.application";
		};
		F102D66D2A287FA8000DDC45 /* chatGPTTests */ = {
			isa = PBXNativeTarget;
			buildConfigurationList = F102D6852A287FA8000DDC45 /* Build configuration list for PBXNativeTarget "chatGPTTests" */;
			buildPhases = (
				F102D66A2A287FA8000DDC45 /* Sources */,
				F102D66B2A287FA8000DDC45 /* Frameworks */,
				F102D66C2A287FA8000DDC45 /* Resources */,
			);
			buildRules = (
			);
			dependencies = (
				F102D6702A287FA8000DDC45 /* PBXTargetDependency */,
			);
			name = chatGPTTests;
			productName = chatGPTTests;
			productReference = F102D66E2A287FA8000DDC45 /* chatGPTTests.xctest */;
			productType = "com.apple.product-type.bundle.unit-test";
		};
		F102D6772A287FA8000DDC45 /* chatGPTUITests */ = {
			isa = PBXNativeTarget;
			buildConfigurationList = F102D6882A287FA8000DDC45 /* Build configuration list for PBXNativeTarget "chatGPTUITests" */;
			buildPhases = (
				F102D6742A287FA8000DDC45 /* Sources */,
				F102D6752A287FA8000DDC45 /* Frameworks */,
				F102D6762A287FA8000DDC45 /* Resources */,
			);
			buildRules = (
			);
			dependencies = (
				F102D67A2A287FA8000DDC45 /* PBXTargetDependency */,
			);
			name = chatGPTUITests;
			productName = chatGPTUITests;
			productReference = F102D6782A287FA8000DDC45 /* chatGPTUITests.xctest */;
			productType = "com.apple.product-type.bundle.ui-testing";
		};
/* End PBXNativeTarget section */

/* Begin PBXProject section */
		F102D6502A287FA7000DDC45 /* Project object */ = {
			isa = PBXProject;
			attributes = {
				BuildIndependentTargetsInParallel = 1;
				LastSwiftUpdateCheck = 1430;
				LastUpgradeCheck = 1430;
				TargetAttributes = {
					F102D6572A287FA7000DDC45 = {
						CreatedOnToolsVersion = 14.3;
					};
					F102D66D2A287FA8000DDC45 = {
						CreatedOnToolsVersion = 14.3;
						TestTargetID = F102D6572A287FA7000DDC45;
					};
					F102D6772A287FA8000DDC45 = {
						CreatedOnToolsVersion = 14.3;
						TestTargetID = F102D6572A287FA7000DDC45;
					};
				};
			};
			buildConfigurationList = F102D6532A287FA7000DDC45 /* Build configuration list for PBXProject "chatGPT" */;
			compatibilityVersion = "Xcode 14.0";
			developmentRegion = en;
			hasScannedForEncodings = 0;
			knownRegions = (
				en,
				Base,
			);
			mainGroup = F102D64F2A287FA7000DDC45;
			productRefGroup = F102D6592A287FA7000DDC45 /* Products */;
			projectDirPath = "";
			projectRoot = "";
			targets = (
				F102D6572A287FA7000DDC45 /* chatGPT */,
				F102D66D2A287FA8000DDC45 /* chatGPTTests */,
				F102D6772A287FA8000DDC45 /* chatGPTUITests */,
			);
		};
/* End PBXProject section */

/* Begin PBXResourcesBuildPhase section */
		F102D6562A287FA7000DDC45 /* Resources */ = {
			isa = PBXResourcesBuildPhase;
			buildActionMask = 2147483647;
			files = (
				F102D6682A287FA8000DDC45 /* LaunchScreen.storyboard in Resources */,
				F102D6652A287FA8000DDC45 /* Assets.xcassets in Resources */,
				F102D6632A287FA7000DDC45 /* Main.storyboard in Resources */,
			);
			runOnlyForDeploymentPostprocessing = 0;
		};
		F102D66C2A287FA8000DDC45 /* Resources */ = {
			isa = PBXResourcesBuildPhase;
			buildActionMask = 2147483647;
			files = (
			);
			runOnlyForDeploymentPostprocessing = 0;
		};
		F102D6762A287FA8000DDC45 /* Resources */ = {
			isa = PBXResourcesBuildPhase;
			buildActionMask = 2147483647;
			files = (
			);
			runOnlyForDeploymentPostprocessing = 0;
		};
/* End PBXResourcesBuildPhase section */

/* Begin PBXSourcesBuildPhase section */
		F102D6542A287FA7000DDC45 /* Sources */ = {
			isa = PBXSourcesBuildPhase;
			buildActionMask = 2147483647;
			files = (
				F102D6602A287FA7000DDC45 /* ViewController.swift in Sources */,
				F102D65C2A287FA7000DDC45 /* AppDelegate.swift in Sources */,
				F102D65E2A287FA7000DDC45 /* SceneDelegate.swift in Sources */,
			);
			runOnlyForDeploymentPostprocessing = 0;
		};
		F102D66A2A287FA8000DDC45 /* Sources */ = {
			isa = PBXSourcesBuildPhase;
			buildActionMask = 2147483647;
			files = (
				F102D6732A287FA8000DDC45 /* chatGPTTests.swift in Sources */,
			);
			runOnlyForDeploymentPostprocessing = 0;
		};
		F102D6742A287FA8000DDC45 /* Sources */ = {
			isa = PBXSourcesBuildPhase;
			buildActionMask = 2147483647;
			files = (
				F102D67F2A287FA8000DDC45 /* chatGPTUITestsLaunchTests.swift in Sources */,
				F102D67D2A287FA8000DDC45 /* chatGPTUITests.swift in Sources */,
			);
			runOnlyForDeploymentPostprocessing = 0;
		};
/* End PBXSourcesBuildPhase section */

/* Begin PBXTargetDependency section */
		F102D6702A287FA8000DDC45 /* PBXTargetDependency */ = {
			isa = PBXTargetDependency;
			target = F102D6572A287FA7000DDC45 /* chatGPT */;
			targetProxy = F102D66F2A287FA8000DDC45 /* PBXContainerItemProxy */;
		};
		F102D67A2A287FA8000DDC45 /* PBXTargetDependency */ = {
			isa = PBXTargetDependency;
			target = F102D6572A287FA7000DDC45 /* chatGPT */;
			targetProxy = F102D6792A287FA8000DDC45 /* PBXContainerItemProxy */;
		};
/* End PBXTargetDependency section */

/* Begin PBXVariantGroup section */
		F102D6612A287FA7000DDC45 /* Main.storyboard */ = {
			isa = PBXVariantGroup;
			children = (
				F102D6622A287FA7000DDC45 /* Base */,
			);
			name = Main.storyboard;
			sourceTree = "<group>";
		};
		F102D6662A287FA8000DDC45 /* LaunchScreen.storyboard */ = {
			isa = PBXVariantGroup;
			children = (
				F102D6672A287FA8000DDC45 /* Base */,
			);
			name = LaunchScreen.storyboard;
			sourceTree = "<group>";
		};
/* End PBXVariantGroup section */

/* Begin XCBuildConfiguration section */
		F102D6802A287FA8000DDC45 /* Debug */ = {
			isa = XCBuildConfiguration;
			buildSettings = {
				ALWAYS_SEARCH_USER_PATHS = NO;
				CLANG_ANALYZER_NONNULL = YES;
				CLANG_ANALYZER_NUMBER_OBJECT_CONVERSION = YES_AGGRESSIVE;
				CLANG_CXX_LANGUAGE_STANDARD = "gnu++20";
				CLANG_ENABLE_MODULES = YES;
				CLANG_ENABLE_OBJC_ARC = YES;
				CLANG_ENABLE_OBJC_WEAK = YES;
				CLANG_WARN_BLOCK_CAPTURE_AUTORELEASING = YES;
				CLANG_WARN_BOOL_CONVERSION = YES;
				CLANG_WARN_COMMA = YES;
				CLANG_WARN_CONSTANT_CONVERSION = YES;
				CLANG_WARN_DEPRECATED_OBJC_IMPLEMENTATIONS = YES;
				CLANG_WARN_DIRECT_OBJC_ISA_USAGE = YES_ERROR;
				CLANG_WARN_DOCUMENTATION_COMMENTS = YES;
				CLANG_WARN_EMPTY_BODY = YES;
				CLANG_WARN_ENUM_CONVERSION = YES;
				CLANG_WARN_INFINITE_RECURSION = YES;
				CLANG_WARN_INT_CONVERSION = YES;
				CLANG_WARN_NON_LITERAL_NULL_CONVERSION = YES;
				CLANG_WARN_OBJC_IMPLICIT_RETAIN_SELF = YES;
				CLANG_WARN_OBJC_LITERAL_CONVERSION = YES;
				CLANG_WARN_OBJC_ROOT_CLASS = YES_ERROR;
				CLANG_WARN_QUOTED_INCLUDE_IN_FRAMEWORK_HEADER = YES;
				CLANG_WARN_RANGE_LOOP_ANALYSIS = YES;
				CLANG_WARN_STRICT_PROTOTYPES = YES;
				CLANG_WARN_SUSPICIOUS_MOVE = YES;
				CLANG_WARN_UNGUARDED_AVAILABILITY = YES_AGGRESSIVE;
				CLANG_WARN_UNREACHABLE_CODE = YES;
				CLANG_WARN__DUPLICATE_METHOD_MATCH = YES;
				COPY_PHASE_STRIP = NO;
				DEBUG_INFORMATION_FORMAT = dwarf;
				ENABLE_STRICT_OBJC_MSGSEND = YES;
				ENABLE_TESTABILITY = YES;
				GCC_C_LANGUAGE_STANDARD = gnu11;
				GCC_DYNAMIC_NO_PIC = NO;
				GCC_NO_COMMON_BLOCKS = YES;
				GCC_OPTIMIZATION_LEVEL = 0;
				GCC_PREPROCESSOR_DEFINITIONS = (
					"DEBUG=1",
					"$(inherited)",
				);
				GCC_WARN_64_TO_32_BIT_CONVERSION = YES;
				GCC_WARN_ABOUT_RETURN_TYPE = YES_ERROR;
				GCC_WARN_UNDECLARED_SELECTOR = YES;
				GCC_WARN_UNINITIALIZED_AUTOS = YES_AGGRESSIVE;
				GCC_WARN_UNUSED_FUNCTION = YES;
				GCC_WARN_UNUSED_VARIABLE = YES;
				IPHONEOS_DEPLOYMENT_TARGET = 16.4;
				MTL_ENABLE_DEBUG_INFO = INCLUDE_SOURCE;
				MTL_FAST_MATH = YES;
				ONLY_ACTIVE_ARCH = YES;
				SDKROOT = iphoneos;
				SWIFT_ACTIVE_COMPILATION_CONDITIONS = DEBUG;
				SWIFT_OPTIMIZATION_LEVEL = "-Onone";
			};
			name = Debug;
		};
		F102D6812A287FA8000DDC45 /* Release */ = {
			isa = XCBuildConfiguration;
			buildSettings = {
				ALWAYS_SEARCH_USER_PATHS = NO;
				CLANG_ANALYZER_NONNULL = YES;
				CLANG_ANALYZER_NUMBER_OBJECT_CONVERSION = YES_AGGRESSIVE;
				CLANG_CXX_LANGUAGE_STANDARD = "gnu++20";
				CLANG_ENABLE_MODULES = YES;
				CLANG_ENABLE_OBJC_ARC = YES;
				CLANG_ENABLE_OBJC_WEAK = YES;
				CLANG_WARN_BLOCK_CAPTURE_AUTORELEASING = YES;
				CLANG_WARN_BOOL_CONVERSION = YES;
				CLANG_WARN_COMMA = YES;
				CLANG_WARN_CONSTANT_CONVERSION = YES;
				CLANG_WARN_DEPRECATED_OBJC_IMPLEMENTATIONS = YES;
				CLANG_WARN_DIRECT_OBJC_ISA_USAGE = YES_ERROR;
				CLANG_WARN_DOCUMENTATION_COMMENTS = YES;
				CLANG_WARN_EMPTY_BODY = YES;
				CLANG_WARN_ENUM_CONVERSION = YES;
				CLANG_WARN_INFINITE_RECURSION = YES;
				CLANG_WARN_INT_CONVERSION = YES;
				CLANG_WARN_NON_LITERAL_NULL_CONVERSION = YES;
				CLANG_WARN_OBJC_IMPLICIT_RETAIN_SELF = YES;
				CLANG_WARN_OBJC_LITERAL_CONVERSION = YES;
				CLANG_WARN_OBJC_ROOT_CLASS = YES_ERROR;
				CLANG_WARN_QUOTED_INCLUDE_IN_FRAMEWORK_HEADER = YES;
				CLANG_WARN_RANGE_LOOP_ANALYSIS = YES;
				CLANG_WARN_STRICT_PROTOTYPES = YES;
				CLANG_WARN_SUSPICIOUS_MOVE = YES;
				CLANG_WARN_UNGUARDED_AVAILABILITY = YES_AGGRESSIVE;
				CLANG_WARN_UNREACHABLE_CODE = YES;
				CLANG_WARN__DUPLICATE_METHOD_MATCH = YES;
				COPY_PHASE_STRIP = NO;
				DEBUG_INFORMATION_FORMAT = "dwarf-with-dsym";
				ENABLE_NS_ASSERTIONS = NO;
				ENABLE_STRICT_OBJC_MSGSEND = YES;
				GCC_C_LANGUAGE_STANDARD = gnu11;
				GCC_NO_COMMON_BLOCKS = YES;
				GCC_WARN_64_TO_32_BIT_CONVERSION = YES;
				GCC_WARN_ABOUT_RETURN_TYPE = YES_ERROR;
				GCC_WARN_UNDECLARED_SELECTOR = YES;
				GCC_WARN_UNINITIALIZED_AUTOS = YES_AGGRESSIVE;
				GCC_WARN_UNUSED_FUNCTION = YES;
				GCC_WARN_UNUSED_VARIABLE = YES;
				IPHONEOS_DEPLOYMENT_TARGET = 16.4;
				MTL_ENABLE_DEBUG_INFO = NO;
				MTL_FAST_MATH = YES;
				SDKROOT = iphoneos;
				SWIFT_COMPILATION_MODE = wholemodule;
				SWIFT_OPTIMIZATION_LEVEL = "-O";
				VALIDATE_PRODUCT = YES;
			};
			name = Release;
		};
		F102D6832A287FA8000DDC45 /* Debug */ = {
			isa = XCBuildConfiguration;
			buildSettings = {
				ASSETCATALOG_COMPILER_APPICON_NAME = AppIcon;
				ASSETCATALOG_COMPILER_GLOBAL_ACCENT_COLOR_NAME = AccentColor;
				CODE_SIGN_STYLE = Automatic;
				CURRENT_PROJECT_VERSION = 1;
				DEVELOPMENT_TEAM = 2WGLRC4Y2A;
				GENERATE_INFOPLIST_FILE = YES;
				INFOPLIST_FILE = chatGPT/Info.plist;
				INFOPLIST_KEY_UIApplicationSupportsIndirectInputEvents = YES;
				INFOPLIST_KEY_UILaunchStoryboardName = LaunchScreen;
				INFOPLIST_KEY_UIMainStoryboardFile = Main;
				INFOPLIST_KEY_UISupportedInterfaceOrientations_iPad = "UIInterfaceOrientationPortrait UIInterfaceOrientationPortraitUpsideDown UIInterfaceOrientationLandscapeLeft UIInterfaceOrientationLandscapeRight";
				INFOPLIST_KEY_UISupportedInterfaceOrientations_iPhone = "UIInterfaceOrientationPortrait UIInterfaceOrientationLandscapeLeft UIInterfaceOrientationLandscapeRight";
				LD_RUNPATH_SEARCH_PATHS = (
					"$(inherited)",
					"@executable_path/Frameworks",
				);
				MARKETING_VERSION = 1.0;
				PRODUCT_BUNDLE_IDENTIFIER = com.hong.chatGPT;
				PRODUCT_NAME = "$(TARGET_NAME)";
				SWIFT_EMIT_LOC_STRINGS = YES;
				SWIFT_VERSION = 5.0;
				TARGETED_DEVICE_FAMILY = "1,2";
			};
			name = Debug;
		};
		F102D6842A287FA8000DDC45 /* Release */ = {
			isa = XCBuildConfiguration;
			buildSettings = {
				ASSETCATALOG_COMPILER_APPICON_NAME = AppIcon;
				ASSETCATALOG_COMPILER_GLOBAL_ACCENT_COLOR_NAME = AccentColor;
				CODE_SIGN_STYLE = Automatic;
				CURRENT_PROJECT_VERSION = 1;
				DEVELOPMENT_TEAM = 2WGLRC4Y2A;
				GENERATE_INFOPLIST_FILE = YES;
				INFOPLIST_FILE = chatGPT/Info.plist;
				INFOPLIST_KEY_UIApplicationSupportsIndirectInputEvents = YES;
				INFOPLIST_KEY_UILaunchStoryboardName = LaunchScreen;
				INFOPLIST_KEY_UIMainStoryboardFile = Main;
				INFOPLIST_KEY_UISupportedInterfaceOrientations_iPad = "UIInterfaceOrientationPortrait UIInterfaceOrientationPortraitUpsideDown UIInterfaceOrientationLandscapeLeft UIInterfaceOrientationLandscapeRight";
				INFOPLIST_KEY_UISupportedInterfaceOrientations_iPhone = "UIInterfaceOrientationPortrait UIInterfaceOrientationLandscapeLeft UIInterfaceOrientationLandscapeRight";
				LD_RUNPATH_SEARCH_PATHS = (
					"$(inherited)",
					"@executable_path/Frameworks",
				);
				MARKETING_VERSION = 1.0;
				PRODUCT_BUNDLE_IDENTIFIER = com.hong.chatGPT;
				PRODUCT_NAME = "$(TARGET_NAME)";
				SWIFT_EMIT_LOC_STRINGS = YES;
				SWIFT_VERSION = 5.0;
				TARGETED_DEVICE_FAMILY = "1,2";
			};
			name = Release;
		};
		F102D6862A287FA8000DDC45 /* Debug */ = {
			isa = XCBuildConfiguration;
			buildSettings = {
				ALWAYS_EMBED_SWIFT_STANDARD_LIBRARIES = YES;
				BUNDLE_LOADER = "$(TEST_HOST)";
				CODE_SIGN_STYLE = Automatic;
				CURRENT_PROJECT_VERSION = 1;
				DEVELOPMENT_TEAM = 2WGLRC4Y2A;
				GENERATE_INFOPLIST_FILE = YES;
				IPHONEOS_DEPLOYMENT_TARGET = 16.4;
				MARKETING_VERSION = 1.0;
				PRODUCT_BUNDLE_IDENTIFIER = com.hong.chatGPTTests;
				PRODUCT_NAME = "$(TARGET_NAME)";
				SWIFT_EMIT_LOC_STRINGS = NO;
				SWIFT_VERSION = 5.0;
				TARGETED_DEVICE_FAMILY = "1,2";
				TEST_HOST = "$(BUILT_PRODUCTS_DIR)/chatGPT.app/$(BUNDLE_EXECUTABLE_FOLDER_PATH)/chatGPT";
			};
			name = Debug;
		};
		F102D6872A287FA8000DDC45 /* Release */ = {
			isa = XCBuildConfiguration;
			buildSettings = {
				ALWAYS_EMBED_SWIFT_STANDARD_LIBRARIES = YES;
				BUNDLE_LOADER = "$(TEST_HOST)";
				CODE_SIGN_STYLE = Automatic;
				CURRENT_PROJECT_VERSION = 1;
				DEVELOPMENT_TEAM = 2WGLRC4Y2A;
				GENERATE_INFOPLIST_FILE = YES;
				IPHONEOS_DEPLOYMENT_TARGET = 16.4;
				MARKETING_VERSION = 1.0;
				PRODUCT_BUNDLE_IDENTIFIER = com.hong.chatGPTTests;
				PRODUCT_NAME = "$(TARGET_NAME)";
				SWIFT_EMIT_LOC_STRINGS = NO;
				SWIFT_VERSION = 5.0;
				TARGETED_DEVICE_FAMILY = "1,2";
				TEST_HOST = "$(BUILT_PRODUCTS_DIR)/chatGPT.app/$(BUNDLE_EXECUTABLE_FOLDER_PATH)/chatGPT";
			};
			name = Release;
		};
		F102D6892A287FA8000DDC45 /* Debug */ = {
			isa = XCBuildConfiguration;
			buildSettings = {
				ALWAYS_EMBED_SWIFT_STANDARD_LIBRARIES = YES;
				CODE_SIGN_STYLE = Automatic;
				CURRENT_PROJECT_VERSION = 1;
				DEVELOPMENT_TEAM = 2WGLRC4Y2A;
				GENERATE_INFOPLIST_FILE = YES;
				MARKETING_VERSION = 1.0;
				PRODUCT_BUNDLE_IDENTIFIER = com.hong.chatGPTUITests;
				PRODUCT_NAME = "$(TARGET_NAME)";
				SWIFT_EMIT_LOC_STRINGS = NO;
				SWIFT_VERSION = 5.0;
				TARGETED_DEVICE_FAMILY = "1,2";
				TEST_TARGET_NAME = chatGPT;
			};
			name = Debug;
		};
		F102D68A2A287FA8000DDC45 /* Release */ = {
			isa = XCBuildConfiguration;
			buildSettings = {
				ALWAYS_EMBED_SWIFT_STANDARD_LIBRARIES = YES;
				CODE_SIGN_STYLE = Automatic;
				CURRENT_PROJECT_VERSION = 1;
				DEVELOPMENT_TEAM = 2WGLRC4Y2A;
				GENERATE_INFOPLIST_FILE = YES;
				MARKETING_VERSION = 1.0;
				PRODUCT_BUNDLE_IDENTIFIER = com.hong.chatGPTUITests;
				PRODUCT_NAME = "$(TARGET_NAME)";
				SWIFT_EMIT_LOC_STRINGS = NO;
				SWIFT_VERSION = 5.0;
				TARGETED_DEVICE_FAMILY = "1,2";
				TEST_TARGET_NAME = chatGPT;
			};
			name = Release;
		};
/* End XCBuildConfiguration section */

/* Begin XCConfigurationList section */
		F102D6532A287FA7000DDC45 /* Build configuration list for PBXProject "chatGPT" */ = {
			isa = XCConfigurationList;
			buildConfigurations = (
				F102D6802A287FA8000DDC45 /* Debug */,
				F102D6812A287FA8000DDC45 /* Release */,
			);
			defaultConfigurationIsVisible = 0;
			defaultConfigurationName = Release;
		};
		F102D6822A287FA8000DDC45 /* Build configuration list for PBXNativeTarget "chatGPT" */ = {
			isa = XCConfigurationList;
			buildConfigurations = (
				F102D6832A287FA8000DDC45 /* Debug */,
				F102D6842A287FA8000DDC45 /* Release */,
			);
			defaultConfigurationIsVisible = 0;
			defaultConfigurationName = Release;
		};
		F102D6852A287FA8000DDC45 /* Build configuration list for PBXNativeTarget "chatGPTTests" */ = {
			isa = XCConfigurationList;
			buildConfigurations = (
				F102D6862A287FA8000DDC45 /* Debug */,
				F102D6872A287FA8000DDC45 /* Release */,
			);
			defaultConfigurationIsVisible = 0;
			defaultConfigurationName = Release;
		};
		F102D6882A287FA8000DDC45 /* Build configuration list for PBXNativeTarget "chatGPTUITests" */ = {
			isa = XCConfigurationList;
			buildConfigurations = (
				F102D6892A287FA8000DDC45 /* Debug */,
				F102D68A2A287FA8000DDC45 /* Release */,
			);
			defaultConfigurationIsVisible = 0;
			defaultConfigurationName = Release;
		};
/* End XCConfigurationList section */
	};
	rootObject = F102D6502A287FA7000DDC45 /* Project object */;
}
