// !$*UTF8*$!
{
	archiveVersion = 1;
	classes = {
	};
	objectVersion = 77;
	objects = {

/* Begin PBXBuildFile section */
		F166CA132DF9A39B00AAB5B0 /* AppDelegate.swift in Sources */ = {isa = PBXBuildFile; fileRef = F166CA0B2DF9A39B00AAB5B0 /* AppDelegate.swift */; };
		F166CA142DF9A39B00AAB5B0 /* SceneDelegate.swift in Sources */ = {isa = PBXBuildFile; fileRef = F166CA102DF9A39B00AAB5B0 /* SceneDelegate.swift */; };
		F166CA152DF9A39B00AAB5B0 /* ViewController.swift in Sources */ = {isa = PBXBuildFile; fileRef = F166CA112DF9A39B00AAB5B0 /* ViewController.swift */; };
		F166CA162DF9A39B00AAB5B0 /* Assets.xcassets in Resources */ = {isa = PBXBuildFile; fileRef = F166CA0C2DF9A39B00AAB5B0 /* Assets.xcassets */; };
		F166CA182DF9A39B00AAB5B0 /* LaunchScreen.storyboard in Resources */ = {isa = PBXBuildFile; fileRef = F166CA0F2DF9A39B00AAB5B0 /* LaunchScreen.storyboard */; };
		F166CA1B2DF9A3A300AAB5B0 /* chatGPTTests.swift in Sources */ = {isa = PBXBuildFile; fileRef = F166CA192DF9A3A300AAB5B0 /* chatGPTTests.swift */; };
		F166CA1F2DF9A3A500AAB5B0 /* chatGPTUITests.swift in Sources */ = {isa = PBXBuildFile; fileRef = F166CA1C2DF9A3A500AAB5B0 /* chatGPTUITests.swift */; };
                F166CA202DF9A3A500AAB5B0 /* chatGPTUITestsLaunchTests.swift in Sources */ = {isa = PBXBuildFile; fileRef = F166CA1D2DF9A3A500AAB5B0 /* chatGPTUITestsLaunchTests.swift */; };
                D8241A9DDD504E93A5EF2E51 /* ChatMessage.swift in Sources */ = {isa = PBXBuildFile; fileRef = FE5AF86F53254DA5A0C6042D /* ChatMessage.swift */; };
                0A03F544F8774138B23B8E4B /* SendMessageUseCase.swift in Sources */ = {isa = PBXBuildFile; fileRef = 4DAA55BE491A4D3A80AEA947 /* SendMessageUseCase.swift */; };
                0B33B669D79D45BCAFF148D5 /* ChatRepository.swift in Sources */ = {isa = PBXBuildFile; fileRef = 28B97B491F9140689ED00F2A /* ChatRepository.swift */; };
                3AE1E7D6C74049FA9335924E /* ChatRepositoryImpl.swift in Sources */ = {isa = PBXBuildFile; fileRef = 841CE45B44CA490F8A219A5C /* ChatRepositoryImpl.swift */; };
                D7B0D461F0C549CB9DDCCBA9 /* ChatViewModel.swift in Sources */ = {isa = PBXBuildFile; fileRef = 8E99BF1D22E04407AA4C4DDC /* ChatViewModel.swift */; };
/* End PBXBuildFile section */

/* Begin PBXContainerItemProxy section */
		F16563DF2DF9A310001CDF3B /* PBXContainerItemProxy */ = {
			isa = PBXContainerItemProxy;
			containerPortal = F16563C02DF9A30F001CDF3B /* Project object */;
			proxyType = 1;
			remoteGlobalIDString = F16563C72DF9A30F001CDF3B;
			remoteInfo = chatGPT;
		};
		F16563E92DF9A310001CDF3B /* PBXContainerItemProxy */ = {
			isa = PBXContainerItemProxy;
			containerPortal = F16563C02DF9A30F001CDF3B /* Project object */;
			proxyType = 1;
			remoteGlobalIDString = F16563C72DF9A30F001CDF3B;
			remoteInfo = chatGPT;
		};
/* End PBXContainerItemProxy section */

/* Begin PBXFileReference section */
		F16563C82DF9A30F001CDF3B /* chatGPT.app */ = {isa = PBXFileReference; explicitFileType = wrapper.application; includeInIndex = 0; path = chatGPT.app; sourceTree = BUILT_PRODUCTS_DIR; };
		F16563DE2DF9A310001CDF3B /* chatGPTTests.xctest */ = {isa = PBXFileReference; explicitFileType = wrapper.cfbundle; includeInIndex = 0; path = chatGPTTests.xctest; sourceTree = BUILT_PRODUCTS_DIR; };
		F16563E82DF9A310001CDF3B /* chatGPTUITests.xctest */ = {isa = PBXFileReference; explicitFileType = wrapper.cfbundle; includeInIndex = 0; path = chatGPTUITests.xctest; sourceTree = BUILT_PRODUCTS_DIR; };
		F166CA0B2DF9A39B00AAB5B0 /* AppDelegate.swift */ = {isa = PBXFileReference; lastKnownFileType = sourcecode.swift; path = AppDelegate.swift; sourceTree = "<group>"; };
		F166CA0C2DF9A39B00AAB5B0 /* Assets.xcassets */ = {isa = PBXFileReference; lastKnownFileType = folder.assetcatalog; path = Assets.xcassets; sourceTree = "<group>"; };
		F166CA0D2DF9A39B00AAB5B0 /* Info.plist */ = {isa = PBXFileReference; lastKnownFileType = text.plist.xml; path = Info.plist; sourceTree = "<group>"; };
		F166CA0E2DF9A39B00AAB5B0 /* Base */ = {isa = PBXFileReference; lastKnownFileType = file.storyboard; name = Base; path = Base.lproj/LaunchScreen.storyboard; sourceTree = "<group>"; };
		F166CA102DF9A39B00AAB5B0 /* SceneDelegate.swift */ = {isa = PBXFileReference; lastKnownFileType = sourcecode.swift; path = SceneDelegate.swift; sourceTree = "<group>"; };
               F166CA112DF9A39B00AAB5B0 /* ViewController.swift */ = {isa = PBXFileReference; lastKnownFileType = sourcecode.swift; path = ViewController.swift; sourceTree = "<group>"; };
		F166CA192DF9A3A300AAB5B0 /* chatGPTTests.swift */ = {isa = PBXFileReference; lastKnownFileType = sourcecode.swift; path = chatGPTTests.swift; sourceTree = "<group>"; };
		F166CA1C2DF9A3A500AAB5B0 /* chatGPTUITests.swift */ = {isa = PBXFileReference; lastKnownFileType = sourcecode.swift; path = chatGPTUITests.swift; sourceTree = "<group>"; };
                F166CA1D2DF9A3A500AAB5B0 /* chatGPTUITestsLaunchTests.swift */ = {isa = PBXFileReference; lastKnownFileType = sourcecode.swift; path = chatGPTUITestsLaunchTests.swift; sourceTree = "<group>"; };
               FE5AF86F53254DA5A0C6042D /* ChatMessage.swift */ = {isa = PBXFileReference; lastKnownFileType = sourcecode.swift; path = Entities/ChatMessage.swift; sourceTree = "<group>"; };
               4DAA55BE491A4D3A80AEA947 /* SendMessageUseCase.swift */ = {isa = PBXFileReference; lastKnownFileType = sourcecode.swift; path = UseCases/SendMessageUseCase.swift; sourceTree = "<group>"; };
               28B97B491F9140689ED00F2A /* ChatRepository.swift */ = {isa = PBXFileReference; lastKnownFileType = sourcecode.swift; path = Repositories/ChatRepository.swift; sourceTree = "<group>"; };
               841CE45B44CA490F8A219A5C /* ChatRepositoryImpl.swift */ = {isa = PBXFileReference; lastKnownFileType = sourcecode.swift; path = Repositories/ChatRepositoryImpl.swift; sourceTree = "<group>"; };
               8E99BF1D22E04407AA4C4DDC /* ChatViewModel.swift */ = {isa = PBXFileReference; lastKnownFileType = sourcecode.swift; path = ViewModels/ChatViewModel.swift; sourceTree = "<group>"; };
/* End PBXFileReference section */

/* Begin PBXFrameworksBuildPhase section */
		F16563C52DF9A30F001CDF3B /* Frameworks */ = {
			isa = PBXFrameworksBuildPhase;
			buildActionMask = 2147483647;
			files = (
			);
			runOnlyForDeploymentPostprocessing = 0;
		};
		F16563DB2DF9A310001CDF3B /* Frameworks */ = {
			isa = PBXFrameworksBuildPhase;
			buildActionMask = 2147483647;
			files = (
			);
			runOnlyForDeploymentPostprocessing = 0;
		};
		F16563E52DF9A310001CDF3B /* Frameworks */ = {
			isa = PBXFrameworksBuildPhase;
			buildActionMask = 2147483647;
			files = (
			);
			runOnlyForDeploymentPostprocessing = 0;
		};
/* End PBXFrameworksBuildPhase section */

/* Begin PBXGroup section */
		F16563BF2DF9A30F001CDF3B = {
			isa = PBXGroup;
			children = (
                                F166CA122DF9A39B00AAB5B0 /* App */,
                                9437CD5432BD494D9470BE75 /* Presentation */,
                                CB2FD2819CAB4E5FBB6E0414 /* Domain */,
                                855131709E1A40BABD24173D /* Data */,
                                F166CA1A2DF9A3A300AAB5B0 /* chatGPTTests */,
                                F166CA1E2DF9A3A500AAB5B0 /* chatGPTUITests */,
                                F16563C92DF9A30F001CDF3B /* Products */,
			);
			sourceTree = "<group>";
		};
		F16563C92DF9A30F001CDF3B /* Products */ = {
			isa = PBXGroup;
			children = (
				F16563C82DF9A30F001CDF3B /* chatGPT.app */,
				F16563DE2DF9A310001CDF3B /* chatGPTTests.xctest */,
				F16563E82DF9A310001CDF3B /* chatGPTUITests.xctest */,
			);
			name = Products;
			sourceTree = "<group>";
		};
               F166CA122DF9A39B00AAB5B0 /* App */ = {
                        isa = PBXGroup;
                        children = (
                                F166CA0B2DF9A39B00AAB5B0 /* AppDelegate.swift */,
                                F166CA0C2DF9A39B00AAB5B0 /* Assets.xcassets */,
                                F166CA0D2DF9A39B00AAB5B0 /* Info.plist */,
                                F166CA0F2DF9A39B00AAB5B0 /* LaunchScreen.storyboard */,
                                F166CA102DF9A39B00AAB5B0 /* SceneDelegate.swift */,
                        );
                        path = chatGPT/App;
                        sourceTree = "<group>";
                };
		F166CA1A2DF9A3A300AAB5B0 /* chatGPTTests */ = {
			isa = PBXGroup;
			children = (
				F166CA192DF9A3A300AAB5B0 /* chatGPTTests.swift */,
			);
			path = chatGPTTests;
			sourceTree = "<group>";
		};
                F166CA1E2DF9A3A500AAB5B0 /* chatGPTUITests */ = {
                        isa = PBXGroup;
                        children = (
                                F166CA1C2DF9A3A500AAB5B0 /* chatGPTUITests.swift */,
                                F166CA1D2DF9A3A500AAB5B0 /* chatGPTUITestsLaunchTests.swift */,
                        );
                        path = chatGPTUITests;
                        sourceTree = "<group>";
                };
                CB2FD2819CAB4E5FBB6E0414 /* Domain */ = {
                        isa = PBXGroup;
                        children = (
                                89535F4B1E0149478E109225 /* Entities */,
                                F8C920860FED409AAFCB10DC /* UseCases */,
                        );
                        path = chatGPT/Domain;
                        sourceTree = "<group>";
                };
                89535F4B1E0149478E109225 /* Entities */ = {
                        isa = PBXGroup;
                        children = (
                                FE5AF86F53254DA5A0C6042D /* ChatMessage.swift */,
                        );
                        path = Entities;
                        sourceTree = "<group>";
                };
                F8C920860FED409AAFCB10DC /* UseCases */ = {
                        isa = PBXGroup;
                        children = (
                                4DAA55BE491A4D3A80AEA947 /* SendMessageUseCase.swift */,
                        );
                        path = UseCases;
                        sourceTree = "<group>";
                };
                855131709E1A40BABD24173D /* Data */ = {
                        isa = PBXGroup;
                        children = (
                                337BFE452F1B4645896928D8 /* Repositories */,
                        );
                        path = chatGPT/Data;
                        sourceTree = "<group>";
                };
                337BFE452F1B4645896928D8 /* Repositories */ = {
                        isa = PBXGroup;
                        children = (
                                28B97B491F9140689ED00F2A /* ChatRepository.swift */,
                                841CE45B44CA490F8A219A5C /* ChatRepositoryImpl.swift */,
                        );
                        path = Repositories;
                        sourceTree = "<group>";
                };
                9437CD5432BD494D9470BE75 /* Presentation */ = {
                        isa = PBXGroup;
                        children = (
                                C5E3F6DAFE21479C8E3E590B /* ViewModels */,
                                F166CA112DF9A39B00AAB5B0 /* ViewController.swift */,
                        );
                        path = chatGPT/Presentation;
                        sourceTree = "<group>";
                };
                C5E3F6DAFE21479C8E3E590B /* ViewModels */ = {
                        isa = PBXGroup;
                        children = (
                                8E99BF1D22E04407AA4C4DDC /* ChatViewModel.swift */,
                        );
                        path = ViewModels;
                        sourceTree = "<group>";
                };
/* End PBXGroup section */

/* Begin PBXNativeTarget section */
		F16563C72DF9A30F001CDF3B /* chatGPT */ = {
			isa = PBXNativeTarget;
			buildConfigurationList = F16563F12DF9A310001CDF3B /* Build configuration list for PBXNativeTarget "chatGPT" */;
			buildPhases = (
				F16563C42DF9A30F001CDF3B /* Sources */,
				F16563C52DF9A30F001CDF3B /* Frameworks */,
				F16563C62DF9A30F001CDF3B /* Resources */,
			);
			buildRules = (
			);
			dependencies = (
			);
			name = chatGPT;
			packageProductDependencies = (
			);
			productName = chatGPT;
			productReference = F16563C82DF9A30F001CDF3B /* chatGPT.app */;
			productType = "com.apple.product-type.application";
		};
		F16563DD2DF9A310001CDF3B /* chatGPTTests */ = {
			isa = PBXNativeTarget;
			buildConfigurationList = F16563F62DF9A310001CDF3B /* Build configuration list for PBXNativeTarget "chatGPTTests" */;
			buildPhases = (
				F16563DA2DF9A310001CDF3B /* Sources */,
				F16563DB2DF9A310001CDF3B /* Frameworks */,
				F16563DC2DF9A310001CDF3B /* Resources */,
			);
			buildRules = (
			);
			dependencies = (
				F16563E02DF9A310001CDF3B /* PBXTargetDependency */,
			);
			name = chatGPTTests;
			packageProductDependencies = (
			);
			productName = chatGPTTests;
			productReference = F16563DE2DF9A310001CDF3B /* chatGPTTests.xctest */;
			productType = "com.apple.product-type.bundle.unit-test";
		};
		F16563E72DF9A310001CDF3B /* chatGPTUITests */ = {
			isa = PBXNativeTarget;
			buildConfigurationList = F16563F92DF9A310001CDF3B /* Build configuration list for PBXNativeTarget "chatGPTUITests" */;
			buildPhases = (
				F16563E42DF9A310001CDF3B /* Sources */,
				F16563E52DF9A310001CDF3B /* Frameworks */,
				F16563E62DF9A310001CDF3B /* Resources */,
			);
			buildRules = (
			);
			dependencies = (
				F16563EA2DF9A310001CDF3B /* PBXTargetDependency */,
			);
			name = chatGPTUITests;
			packageProductDependencies = (
			);
			productName = chatGPTUITests;
			productReference = F16563E82DF9A310001CDF3B /* chatGPTUITests.xctest */;
			productType = "com.apple.product-type.bundle.ui-testing";
		};
/* End PBXNativeTarget section */

/* Begin PBXProject section */
		F16563C02DF9A30F001CDF3B /* Project object */ = {
			isa = PBXProject;
			attributes = {
				BuildIndependentTargetsInParallel = 1;
				LastSwiftUpdateCheck = 1640;
				LastUpgradeCheck = 1640;
				TargetAttributes = {
					F16563C72DF9A30F001CDF3B = {
						CreatedOnToolsVersion = 16.4;
					};
					F16563DD2DF9A310001CDF3B = {
						CreatedOnToolsVersion = 16.4;
						TestTargetID = F16563C72DF9A30F001CDF3B;
					};
					F16563E72DF9A310001CDF3B = {
						CreatedOnToolsVersion = 16.4;
						TestTargetID = F16563C72DF9A30F001CDF3B;
					};
				};
			};
			buildConfigurationList = F16563C32DF9A30F001CDF3B /* Build configuration list for PBXProject "chatGPT" */;
			developmentRegion = en;
			hasScannedForEncodings = 0;
			knownRegions = (
				en,
				Base,
			);
			mainGroup = F16563BF2DF9A30F001CDF3B;
			minimizedProjectReferenceProxies = 1;
			preferredProjectObjectVersion = 77;
			productRefGroup = F16563C92DF9A30F001CDF3B /* Products */;
			projectDirPath = "";
			projectRoot = "";
			targets = (
				F16563C72DF9A30F001CDF3B /* chatGPT */,
				F16563DD2DF9A310001CDF3B /* chatGPTTests */,
				F16563E72DF9A310001CDF3B /* chatGPTUITests */,
			);
		};
/* End PBXProject section */

/* Begin PBXResourcesBuildPhase section */
		F16563C62DF9A30F001CDF3B /* Resources */ = {
			isa = PBXResourcesBuildPhase;
			buildActionMask = 2147483647;
			files = (
				F166CA162DF9A39B00AAB5B0 /* Assets.xcassets in Resources */,
				F166CA182DF9A39B00AAB5B0 /* LaunchScreen.storyboard in Resources */,
			);
			runOnlyForDeploymentPostprocessing = 0;
		};
		F16563DC2DF9A310001CDF3B /* Resources */ = {
			isa = PBXResourcesBuildPhase;
			buildActionMask = 2147483647;
			files = (
			);
			runOnlyForDeploymentPostprocessing = 0;
		};
		F16563E62DF9A310001CDF3B /* Resources */ = {
			isa = PBXResourcesBuildPhase;
			buildActionMask = 2147483647;
			files = (
			);
			runOnlyForDeploymentPostprocessing = 0;
		};
/* End PBXResourcesBuildPhase section */

/* Begin PBXSourcesBuildPhase section */
                F16563C42DF9A30F001CDF3B /* Sources */ = {
                        isa = PBXSourcesBuildPhase;
                        buildActionMask = 2147483647;
                        files = (
                                F166CA132DF9A39B00AAB5B0 /* AppDelegate.swift in Sources */,
                                F166CA142DF9A39B00AAB5B0 /* SceneDelegate.swift in Sources */,
                                F166CA152DF9A39B00AAB5B0 /* ViewController.swift in Sources */,
                                D8241A9DDD504E93A5EF2E51 /* ChatMessage.swift in Sources */,
                                0A03F544F8774138B23B8E4B /* SendMessageUseCase.swift in Sources */,
                                0B33B669D79D45BCAFF148D5 /* ChatRepository.swift in Sources */,
                                3AE1E7D6C74049FA9335924E /* ChatRepositoryImpl.swift in Sources */,
                                D7B0D461F0C549CB9DDCCBA9 /* ChatViewModel.swift in Sources */,
                        );
                        runOnlyForDeploymentPostprocessing = 0;
                };
		F16563DA2DF9A310001CDF3B /* Sources */ = {
			isa = PBXSourcesBuildPhase;
			buildActionMask = 2147483647;
			files = (
				F166CA1B2DF9A3A300AAB5B0 /* chatGPTTests.swift in Sources */,
			);
			runOnlyForDeploymentPostprocessing = 0;
		};
		F16563E42DF9A310001CDF3B /* Sources */ = {
			isa = PBXSourcesBuildPhase;
			buildActionMask = 2147483647;
			files = (
				F166CA1F2DF9A3A500AAB5B0 /* chatGPTUITests.swift in Sources */,
				F166CA202DF9A3A500AAB5B0 /* chatGPTUITestsLaunchTests.swift in Sources */,
			);
			runOnlyForDeploymentPostprocessing = 0;
		};
/* End PBXSourcesBuildPhase section */

/* Begin PBXTargetDependency section */
		F16563E02DF9A310001CDF3B /* PBXTargetDependency */ = {
			isa = PBXTargetDependency;
			target = F16563C72DF9A30F001CDF3B /* chatGPT */;
			targetProxy = F16563DF2DF9A310001CDF3B /* PBXContainerItemProxy */;
		};
		F16563EA2DF9A310001CDF3B /* PBXTargetDependency */ = {
			isa = PBXTargetDependency;
			target = F16563C72DF9A30F001CDF3B /* chatGPT */;
			targetProxy = F16563E92DF9A310001CDF3B /* PBXContainerItemProxy */;
		};
/* End PBXTargetDependency section */

/* Begin PBXVariantGroup section */
		F166CA0F2DF9A39B00AAB5B0 /* LaunchScreen.storyboard */ = {
			isa = PBXVariantGroup;
			children = (
				F166CA0E2DF9A39B00AAB5B0 /* Base */,
			);
			name = LaunchScreen.storyboard;
			sourceTree = "<group>";
		};
/* End PBXVariantGroup section */

/* Begin XCBuildConfiguration section */
		F16563F22DF9A310001CDF3B /* Debug */ = {
			isa = XCBuildConfiguration;
			buildSettings = {
				ASSETCATALOG_COMPILER_APPICON_NAME = AppIcon;
				ASSETCATALOG_COMPILER_GLOBAL_ACCENT_COLOR_NAME = AccentColor;
				CODE_SIGN_STYLE = Automatic;
				CURRENT_PROJECT_VERSION = 1;
				GENERATE_INFOPLIST_FILE = YES;
				INFOPLIST_FILE = chatGPT/Info.plist;
				INFOPLIST_KEY_UIApplicationSupportsIndirectInputEvents = YES;
				INFOPLIST_KEY_UILaunchStoryboardName = LaunchScreen;
				INFOPLIST_KEY_UISupportedInterfaceOrientations_iPad = "UIInterfaceOrientationPortrait UIInterfaceOrientationPortraitUpsideDown UIInterfaceOrientationLandscapeLeft UIInterfaceOrientationLandscapeRight";
				INFOPLIST_KEY_UISupportedInterfaceOrientations_iPhone = "UIInterfaceOrientationPortrait UIInterfaceOrientationLandscapeLeft UIInterfaceOrientationLandscapeRight";
				LD_RUNPATH_SEARCH_PATHS = (
					"$(inherited)",
					"@executable_path/Frameworks",
				);
				MARKETING_VERSION = 1.0;
				PRODUCT_BUNDLE_IDENTIFIER = com.jeongyeon.chatGPT;
				PRODUCT_NAME = "$(TARGET_NAME)";
				SWIFT_EMIT_LOC_STRINGS = YES;
				SWIFT_VERSION = 5.0;
				TARGETED_DEVICE_FAMILY = "1,2";
			};
			name = Debug;
		};
		F16563F32DF9A310001CDF3B /* Release */ = {
			isa = XCBuildConfiguration;
			buildSettings = {
				ASSETCATALOG_COMPILER_APPICON_NAME = AppIcon;
				ASSETCATALOG_COMPILER_GLOBAL_ACCENT_COLOR_NAME = AccentColor;
				CODE_SIGN_STYLE = Automatic;
				CURRENT_PROJECT_VERSION = 1;
				GENERATE_INFOPLIST_FILE = YES;
				INFOPLIST_FILE = chatGPT/Info.plist;
				INFOPLIST_KEY_UIApplicationSupportsIndirectInputEvents = YES;
				INFOPLIST_KEY_UILaunchStoryboardName = LaunchScreen;
				INFOPLIST_KEY_UISupportedInterfaceOrientations_iPad = "UIInterfaceOrientationPortrait UIInterfaceOrientationPortraitUpsideDown UIInterfaceOrientationLandscapeLeft UIInterfaceOrientationLandscapeRight";
				INFOPLIST_KEY_UISupportedInterfaceOrientations_iPhone = "UIInterfaceOrientationPortrait UIInterfaceOrientationLandscapeLeft UIInterfaceOrientationLandscapeRight";
				LD_RUNPATH_SEARCH_PATHS = (
					"$(inherited)",
					"@executable_path/Frameworks",
				);
				MARKETING_VERSION = 1.0;
				PRODUCT_BUNDLE_IDENTIFIER = com.jeongyeon.chatGPT;
				PRODUCT_NAME = "$(TARGET_NAME)";
				SWIFT_EMIT_LOC_STRINGS = YES;
				SWIFT_VERSION = 5.0;
				TARGETED_DEVICE_FAMILY = "1,2";
			};
			name = Release;
		};
		F16563F42DF9A310001CDF3B /* Debug */ = {
			isa = XCBuildConfiguration;
			buildSettings = {
				ALWAYS_SEARCH_USER_PATHS = NO;
				ASSETCATALOG_COMPILER_GENERATE_SWIFT_ASSET_SYMBOL_EXTENSIONS = YES;
				CLANG_ANALYZER_NONNULL = YES;
				CLANG_ANALYZER_NUMBER_OBJECT_CONVERSION = YES_AGGRESSIVE;
				CLANG_CXX_LANGUAGE_STANDARD = "gnu++20";
				CLANG_ENABLE_MODULES = YES;
				CLANG_ENABLE_OBJC_ARC = YES;
				CLANG_ENABLE_OBJC_WEAK = YES;
				CLANG_WARN_BLOCK_CAPTURE_AUTORELEASING = YES;
				CLANG_WARN_BOOL_CONVERSION = YES;
				CLANG_WARN_COMMA = YES;
				CLANG_WARN_CONSTANT_CONVERSION = YES;
				CLANG_WARN_DEPRECATED_OBJC_IMPLEMENTATIONS = YES;
				CLANG_WARN_DIRECT_OBJC_ISA_USAGE = YES_ERROR;
				CLANG_WARN_DOCUMENTATION_COMMENTS = YES;
				CLANG_WARN_EMPTY_BODY = YES;
				CLANG_WARN_ENUM_CONVERSION = YES;
				CLANG_WARN_INFINITE_RECURSION = YES;
				CLANG_WARN_INT_CONVERSION = YES;
				CLANG_WARN_NON_LITERAL_NULL_CONVERSION = YES;
				CLANG_WARN_OBJC_IMPLICIT_RETAIN_SELF = YES;
				CLANG_WARN_OBJC_LITERAL_CONVERSION = YES;
				CLANG_WARN_OBJC_ROOT_CLASS = YES_ERROR;
				CLANG_WARN_QUOTED_INCLUDE_IN_FRAMEWORK_HEADER = YES;
				CLANG_WARN_RANGE_LOOP_ANALYSIS = YES;
				CLANG_WARN_STRICT_PROTOTYPES = YES;
				CLANG_WARN_SUSPICIOUS_MOVE = YES;
				CLANG_WARN_UNGUARDED_AVAILABILITY = YES_AGGRESSIVE;
				CLANG_WARN_UNREACHABLE_CODE = YES;
				CLANG_WARN__DUPLICATE_METHOD_MATCH = YES;
				COPY_PHASE_STRIP = NO;
				DEBUG_INFORMATION_FORMAT = dwarf;
				ENABLE_STRICT_OBJC_MSGSEND = YES;
				ENABLE_TESTABILITY = YES;
				ENABLE_USER_SCRIPT_SANDBOXING = YES;
				GCC_C_LANGUAGE_STANDARD = gnu17;
				GCC_DYNAMIC_NO_PIC = NO;
				GCC_NO_COMMON_BLOCKS = YES;
				GCC_OPTIMIZATION_LEVEL = 0;
				GCC_PREPROCESSOR_DEFINITIONS = (
					"DEBUG=1",
					"$(inherited)",
				);
				GCC_WARN_64_TO_32_BIT_CONVERSION = YES;
				GCC_WARN_ABOUT_RETURN_TYPE = YES_ERROR;
				GCC_WARN_UNDECLARED_SELECTOR = YES;
				GCC_WARN_UNINITIALIZED_AUTOS = YES_AGGRESSIVE;
				GCC_WARN_UNUSED_FUNCTION = YES;
				GCC_WARN_UNUSED_VARIABLE = YES;
				IPHONEOS_DEPLOYMENT_TARGET = 18.5;
				LOCALIZATION_PREFERS_STRING_CATALOGS = YES;
				MTL_ENABLE_DEBUG_INFO = INCLUDE_SOURCE;
				MTL_FAST_MATH = YES;
				ONLY_ACTIVE_ARCH = YES;
				SDKROOT = iphoneos;
				SWIFT_ACTIVE_COMPILATION_CONDITIONS = "DEBUG $(inherited)";
				SWIFT_OPTIMIZATION_LEVEL = "-Onone";
			};
			name = Debug;
		};
		F16563F52DF9A310001CDF3B /* Release */ = {
			isa = XCBuildConfiguration;
			buildSettings = {
				ALWAYS_SEARCH_USER_PATHS = NO;
				ASSETCATALOG_COMPILER_GENERATE_SWIFT_ASSET_SYMBOL_EXTENSIONS = YES;
				CLANG_ANALYZER_NONNULL = YES;
				CLANG_ANALYZER_NUMBER_OBJECT_CONVERSION = YES_AGGRESSIVE;
				CLANG_CXX_LANGUAGE_STANDARD = "gnu++20";
				CLANG_ENABLE_MODULES = YES;
				CLANG_ENABLE_OBJC_ARC = YES;
				CLANG_ENABLE_OBJC_WEAK = YES;
				CLANG_WARN_BLOCK_CAPTURE_AUTORELEASING = YES;
				CLANG_WARN_BOOL_CONVERSION = YES;
				CLANG_WARN_COMMA = YES;
				CLANG_WARN_CONSTANT_CONVERSION = YES;
				CLANG_WARN_DEPRECATED_OBJC_IMPLEMENTATIONS = YES;
				CLANG_WARN_DIRECT_OBJC_ISA_USAGE = YES_ERROR;
				CLANG_WARN_DOCUMENTATION_COMMENTS = YES;
				CLANG_WARN_EMPTY_BODY = YES;
				CLANG_WARN_ENUM_CONVERSION = YES;
				CLANG_WARN_INFINITE_RECURSION = YES;
				CLANG_WARN_INT_CONVERSION = YES;
				CLANG_WARN_NON_LITERAL_NULL_CONVERSION = YES;
				CLANG_WARN_OBJC_IMPLICIT_RETAIN_SELF = YES;
				CLANG_WARN_OBJC_LITERAL_CONVERSION = YES;
				CLANG_WARN_OBJC_ROOT_CLASS = YES_ERROR;
				CLANG_WARN_QUOTED_INCLUDE_IN_FRAMEWORK_HEADER = YES;
				CLANG_WARN_RANGE_LOOP_ANALYSIS = YES;
				CLANG_WARN_STRICT_PROTOTYPES = YES;
				CLANG_WARN_SUSPICIOUS_MOVE = YES;
				CLANG_WARN_UNGUARDED_AVAILABILITY = YES_AGGRESSIVE;
				CLANG_WARN_UNREACHABLE_CODE = YES;
				CLANG_WARN__DUPLICATE_METHOD_MATCH = YES;
				COPY_PHASE_STRIP = NO;
				DEBUG_INFORMATION_FORMAT = "dwarf-with-dsym";
				ENABLE_NS_ASSERTIONS = NO;
				ENABLE_STRICT_OBJC_MSGSEND = YES;
				ENABLE_USER_SCRIPT_SANDBOXING = YES;
				GCC_C_LANGUAGE_STANDARD = gnu17;
				GCC_NO_COMMON_BLOCKS = YES;
				GCC_WARN_64_TO_32_BIT_CONVERSION = YES;
				GCC_WARN_ABOUT_RETURN_TYPE = YES_ERROR;
				GCC_WARN_UNDECLARED_SELECTOR = YES;
				GCC_WARN_UNINITIALIZED_AUTOS = YES_AGGRESSIVE;
				GCC_WARN_UNUSED_FUNCTION = YES;
				GCC_WARN_UNUSED_VARIABLE = YES;
				IPHONEOS_DEPLOYMENT_TARGET = 18.5;
				LOCALIZATION_PREFERS_STRING_CATALOGS = YES;
				MTL_ENABLE_DEBUG_INFO = NO;
				MTL_FAST_MATH = YES;
				SDKROOT = iphoneos;
				SWIFT_COMPILATION_MODE = wholemodule;
				VALIDATE_PRODUCT = YES;
			};
			name = Release;
		};
		F16563F72DF9A310001CDF3B /* Debug */ = {
			isa = XCBuildConfiguration;
			buildSettings = {
				BUNDLE_LOADER = "$(TEST_HOST)";
				CODE_SIGN_STYLE = Automatic;
				CURRENT_PROJECT_VERSION = 1;
				GENERATE_INFOPLIST_FILE = YES;
				IPHONEOS_DEPLOYMENT_TARGET = 18.5;
				MARKETING_VERSION = 1.0;
				PRODUCT_BUNDLE_IDENTIFIER = com.jeongyeon.chatGPTTests;
				PRODUCT_NAME = "$(TARGET_NAME)";
				SWIFT_EMIT_LOC_STRINGS = NO;
				SWIFT_VERSION = 5.0;
				TARGETED_DEVICE_FAMILY = "1,2";
				TEST_HOST = "$(BUILT_PRODUCTS_DIR)/chatGPT.app/$(BUNDLE_EXECUTABLE_FOLDER_PATH)/chatGPT";
			};
			name = Debug;
		};
		F16563F82DF9A310001CDF3B /* Release */ = {
			isa = XCBuildConfiguration;
			buildSettings = {
				BUNDLE_LOADER = "$(TEST_HOST)";
				CODE_SIGN_STYLE = Automatic;
				CURRENT_PROJECT_VERSION = 1;
				GENERATE_INFOPLIST_FILE = YES;
				IPHONEOS_DEPLOYMENT_TARGET = 18.5;
				MARKETING_VERSION = 1.0;
				PRODUCT_BUNDLE_IDENTIFIER = com.jeongyeon.chatGPTTests;
				PRODUCT_NAME = "$(TARGET_NAME)";
				SWIFT_EMIT_LOC_STRINGS = NO;
				SWIFT_VERSION = 5.0;
				TARGETED_DEVICE_FAMILY = "1,2";
				TEST_HOST = "$(BUILT_PRODUCTS_DIR)/chatGPT.app/$(BUNDLE_EXECUTABLE_FOLDER_PATH)/chatGPT";
			};
			name = Release;
		};
		F16563FA2DF9A310001CDF3B /* Debug */ = {
			isa = XCBuildConfiguration;
			buildSettings = {
				CODE_SIGN_STYLE = Automatic;
				CURRENT_PROJECT_VERSION = 1;
				GENERATE_INFOPLIST_FILE = YES;
				MARKETING_VERSION = 1.0;
				PRODUCT_BUNDLE_IDENTIFIER = com.jeongyeon.chatGPTUITests;
				PRODUCT_NAME = "$(TARGET_NAME)";
				SWIFT_EMIT_LOC_STRINGS = NO;
				SWIFT_VERSION = 5.0;
				TARGETED_DEVICE_FAMILY = "1,2";
				TEST_TARGET_NAME = chatGPT;
			};
			name = Debug;
		};
		F16563FB2DF9A310001CDF3B /* Release */ = {
			isa = XCBuildConfiguration;
			buildSettings = {
				CODE_SIGN_STYLE = Automatic;
				CURRENT_PROJECT_VERSION = 1;
				GENERATE_INFOPLIST_FILE = YES;
				MARKETING_VERSION = 1.0;
				PRODUCT_BUNDLE_IDENTIFIER = com.jeongyeon.chatGPTUITests;
				PRODUCT_NAME = "$(TARGET_NAME)";
				SWIFT_EMIT_LOC_STRINGS = NO;
				SWIFT_VERSION = 5.0;
				TARGETED_DEVICE_FAMILY = "1,2";
				TEST_TARGET_NAME = chatGPT;
			};
			name = Release;
		};
/* End XCBuildConfiguration section */

/* Begin XCConfigurationList section */
		F16563C32DF9A30F001CDF3B /* Build configuration list for PBXProject "chatGPT" */ = {
			isa = XCConfigurationList;
			buildConfigurations = (
				F16563F42DF9A310001CDF3B /* Debug */,
				F16563F52DF9A310001CDF3B /* Release */,
			);
			defaultConfigurationIsVisible = 0;
			defaultConfigurationName = Release;
		};
		F16563F12DF9A310001CDF3B /* Build configuration list for PBXNativeTarget "chatGPT" */ = {
			isa = XCConfigurationList;
			buildConfigurations = (
				F16563F22DF9A310001CDF3B /* Debug */,
				F16563F32DF9A310001CDF3B /* Release */,
			);
			defaultConfigurationIsVisible = 0;
			defaultConfigurationName = Release;
		};
		F16563F62DF9A310001CDF3B /* Build configuration list for PBXNativeTarget "chatGPTTests" */ = {
			isa = XCConfigurationList;
			buildConfigurations = (
				F16563F72DF9A310001CDF3B /* Debug */,
				F16563F82DF9A310001CDF3B /* Release */,
			);
			defaultConfigurationIsVisible = 0;
			defaultConfigurationName = Release;
		};
		F16563F92DF9A310001CDF3B /* Build configuration list for PBXNativeTarget "chatGPTUITests" */ = {
			isa = XCConfigurationList;
			buildConfigurations = (
				F16563FA2DF9A310001CDF3B /* Debug */,
				F16563FB2DF9A310001CDF3B /* Release */,
			);
			defaultConfigurationIsVisible = 0;
			defaultConfigurationName = Release;
		};
/* End XCConfigurationList section */
	};
	rootObject = F16563C02DF9A30F001CDF3B /* Project object */;
}
